
Microsoft Visual Studio Solution File, Format Version 12.00
# Visual Studio Version 17
VisualStudioVersion = 17.2.32630.192
MinimumVisualStudioVersion = 10.0.40219.1
Project("{9A19103F-16F7-4668-BE54-9A1E7A4F7556}") = "R5T.Gepidia.Remote.Construction", "R5T.Gepidia.Remote.Construction\R5T.Gepidia.Remote.Construction.csproj", "{33D0D0F6-15E1-4B73-918D-530446544336}"
EndProject
Project("{9A19103F-16F7-4668-BE54-9A1E7A4F7556}") = "R5T.Gepidia.Remote", "R5T.Gepidia.Remote\R5T.Gepidia.Remote.csproj", "{7242E3B8-7959-4130-AF8F-0DB680E5FBFF}"
EndProject
Project("{9A19103F-16F7-4668-BE54-9A1E7A4F7556}") = "R5T.Gepidia.Remote.Testing", "R5T.Gepidia.Remote.Testing\R5T.Gepidia.Remote.Testing.csproj", "{1E125711-6E11-4878-B044-B130E628BB80}"
EndProject
Project("{2150E333-8FDC-42A3-9474-1A3956D46DE8}") = "_Dependencies", "_Dependencies", "{EC735A38-4B78-40BE-A97C-3B9B19FDD2BF}"
EndProject
Project("{9A19103F-16F7-4668-BE54-9A1E7A4F7556}") = "R5T.Pictia", "..\..\R5T.Pictia\source\R5T.Pictia\R5T.Pictia.csproj", "{71F3E303-1BF7-416A-B810-864244CEF6CB}"
EndProject
Project("{9A19103F-16F7-4668-BE54-9A1E7A4F7556}") = "R5T.Gepidia.Base", "..\..\R5T.Gepidia.Base\source\R5T.Gepidia.Base\R5T.Gepidia.Base.csproj", "{898B7720-0C57-49C5-B579-9BD56FBCD85E}"
EndProject
Project("{9A19103F-16F7-4668-BE54-9A1E7A4F7556}") = "R5T.Lombardy.Base", "..\..\R5T.Lombardy.Base\source\R5T.Lombardy.Base\R5T.Lombardy.Base.csproj", "{E1A53416-C2AF-4C34-9C11-904431BE1657}"
EndProject
Project("{9A19103F-16F7-4668-BE54-9A1E7A4F7556}") = "R5T.Rugia", "..\..\R5T.Rugia\source\R5T.Rugia\R5T.Rugia.csproj", "{603214F0-0446-41D4-B799-2EB1E43AFE4F}"
EndProject
Project("{9A19103F-16F7-4668-BE54-9A1E7A4F7556}") = "R5T.Magyar", "..\..\R5T.Magyar\source\R5T.Magyar\R5T.Magyar.csproj", "{05FEBF98-00BD-4AC8-9D2D-F4900774BB94}"
EndProject
Project("{9A19103F-16F7-4668-BE54-9A1E7A4F7556}") = "R5T.Cherusci", "..\..\R5T.Cherusci\source\R5T.Cherusci\R5T.Cherusci.csproj", "{3890BE84-38DC-4841-9960-A38B164B2490}"
EndProject
Project("{9A19103F-16F7-4668-BE54-9A1E7A4F7556}") = "R5T.Lombardy", "..\..\R5T.Lombardy\source\R5T.Lombardy\R5T.Lombardy.csproj", "{BF9B911F-80B2-463E-AFA2-085C55CE1314}"
EndProject
Project("{9A19103F-16F7-4668-BE54-9A1E7A4F7556}") = "R5T.Rugia.Base", "..\..\R5T.Rugia.Base\source\R5T.Rugia.Base\R5T.Rugia.Base.csproj", "{CCAC22FC-A593-4241-81F8-4C8EA4711302}"
EndProject
Project("{9A19103F-16F7-4668-BE54-9A1E7A4F7556}") = "R5T.Burgundy", "..\..\R5T.Burgundy\source\R5T.Burgundy\R5T.Burgundy.csproj", "{0692930E-BB98-4502-A4AB-97DB5C14DBAF}"
EndProject
Project("{9A19103F-16F7-4668-BE54-9A1E7A4F7556}") = "R5T.Alamania.Bulgaria", "..\..\R5T.Alamania.Bulgaria\source\R5T.Alamania.Bulgaria\R5T.Alamania.Bulgaria.csproj", "{A9D12A17-6EFE-4C93-B4D9-B5771F6CDCC3}"
EndProject
Project("{9A19103F-16F7-4668-BE54-9A1E7A4F7556}") = "R5T.Alamania.Base", "..\..\R5T.Alamania.Base\source\R5T.Alamania.Base\R5T.Alamania.Base.csproj", "{FC0B065E-30BA-4BD6-9077-BFA7F11F35F8}"
EndProject
Project("{9A19103F-16F7-4668-BE54-9A1E7A4F7556}") = "R5T.Bulgaria.Base", "..\..\R5T.Bulgaria.Base\source\R5T.Bulgaria.Base\R5T.Bulgaria.Base.csproj", "{F785C4F1-1378-4CC3-8F30-E22AC23ADF19}"
EndProject
Project("{9A19103F-16F7-4668-BE54-9A1E7A4F7556}") = "R5T.Costobocia.Base", "..\..\R5T.Costobocia.Base\source\R5T.Costobocia.Base\R5T.Costobocia.Base.csproj", "{FD8CE8BD-24EF-405B-AF47-FC182FDA4317}"
EndProject
Project("{9A19103F-16F7-4668-BE54-9A1E7A4F7556}") = "R5T.Ostrogothia", "..\..\R5T.Ostrogothia\source\R5T.Ostrogothia\R5T.Ostrogothia.csproj", "{F872FFD3-3408-4D00-AEDF-378290735974}"
EndProject
Project("{9A19103F-16F7-4668-BE54-9A1E7A4F7556}") = "R5T.Ostrogothia.Rivet", "..\..\R5T.Ostrogothia.Rivet\source\R5T.Ostrogothia.Rivet\R5T.Ostrogothia.Rivet.csproj", "{5CE68518-633C-4D0F-8349-203118D48A1F}"
EndProject
Project("{9A19103F-16F7-4668-BE54-9A1E7A4F7556}") = "R5T.Bulgaria.Default.Local", "..\..\R5T.Bulgaria.Default.Local\source\R5T.Bulgaria.Default.Local\R5T.Bulgaria.Default.Local.csproj", "{89089CDD-771A-48B9-B134-3A02B8DE5436}"
EndProject
Project("{9A19103F-16F7-4668-BE54-9A1E7A4F7556}") = "R5T.Visigothia.Base", "..\..\R5T.Visigothia.Base\source\R5T.Visigothia.Base\R5T.Visigothia.Base.csproj", "{3E014678-17CD-4F0F-BA78-C17F386D02EB}"
EndProject
Project("{9A19103F-16F7-4668-BE54-9A1E7A4F7556}") = "R5T.Costobocia.Default", "..\..\R5T.Costobocia.Default\source\R5T.Costobocia.Default\R5T.Costobocia.Default.csproj", "{C1129512-D760-4B4D-B8A3-46C54B8071B5}"
EndProject
Project("{9A19103F-16F7-4668-BE54-9A1E7A4F7556}") = "R5T.Dacia", "..\..\R5T.Dacia\source\R5T.Dacia\R5T.Dacia.csproj", "{7B69173A-B05E-4D35-9164-5EC9434B0EF0}"
EndProject
Project("{9A19103F-16F7-4668-BE54-9A1E7A4F7556}") = "R5T.Frisia.Suebia", "..\..\R5T.Frisia.Suebia\source\R5T.Frisia.Suebia\R5T.Frisia.Suebia.csproj", "{5E5D6193-C4CF-4B5B-A089-197B0F2009F6}"
EndProject
Project("{9A19103F-16F7-4668-BE54-9A1E7A4F7556}") = "R5T.Frisia.Base", "..\..\R5T.Frisia.Base\source\R5T.Frisia.Base\R5T.Frisia.Base.csproj", "{F6460E97-F9F9-43B5-B1F6-F7AFE943319D}"
EndProject
Project("{9A19103F-16F7-4668-BE54-9A1E7A4F7556}") = "R5T.Jutland.Base", "..\..\R5T.Jutland.Base\source\R5T.Jutland.Base\R5T.Jutland.Base.csproj", "{02EE39A5-CC9F-4C19-974A-6F6EC045C81D}"
EndProject
Project("{9A19103F-16F7-4668-BE54-9A1E7A4F7556}") = "R5T.Suebia.Base", "..\..\R5T.Suebia.Base\source\R5T.Suebia.Base\R5T.Suebia.Base.csproj", "{BE24A672-C6B5-4F2D-80EA-B40787AB0B70}"
EndProject
Project("{9A19103F-16F7-4668-BE54-9A1E7A4F7556}") = "R5T.Jutland.Newtonsoft", "..\..\R5T.Jutland.Newtonsoft\source\R5T.Jutland.Newtonsoft\R5T.Jutland.Newtonsoft.csproj", "{948F75D6-981F-478F-943D-F8A9F643C203}"
EndProject
Project("{9A19103F-16F7-4668-BE54-9A1E7A4F7556}") = "R5T.Pictia.Frisia", "..\..\R5T.Pictia.Frisia\source\R5T.Pictia.Frisia\R5T.Pictia.Frisia.csproj", "{5601BBC2-3E95-43EA-A957-65D9CC1ED48D}"
EndProject
Project("{9A19103F-16F7-4668-BE54-9A1E7A4F7556}") = "R5T.Suebia.Alamania", "..\..\R5T.Suebia.Alamania\source\R5T.Suebia.Alamania\R5T.Suebia.Alamania.csproj", "{F7278A6D-1090-4DB8-86A3-F189C4AD7848}"
EndProject
Project("{9A19103F-16F7-4668-BE54-9A1E7A4F7556}") = "R5T.Visigothia.Default.Local", "..\..\R5T.Visigothia.Default.Local\source\R5T.Visigothia.Default.Local\R5T.Visigothia.Default.Local.csproj", "{8BA2713F-726A-460B-93C6-58763008BCBD}"
EndProject
Project("{9A19103F-16F7-4668-BE54-9A1E7A4F7556}") = "R5T.Dacia.Extensions", "..\..\R5T.Dacia.Extensions\source\R5T.Dacia.Extensions\R5T.Dacia.Extensions.csproj", "{14A1C531-DAF5-4626-A812-59D9D116E72A}"
EndProject
Project("{9A19103F-16F7-4668-BE54-9A1E7A4F7556}") = "R5T.Newport", "..\..\R5T.Newport\source\R5T.Newport\R5T.Newport.csproj", "{A595A10E-EF1C-4C27-8BF1-DDE5B8AC0BB2}"
EndProject
Project("{9A19103F-16F7-4668-BE54-9A1E7A4F7556}") = "R5T.Gepidia.Types", "..\..\R5T.Gepidia.Types\source\R5T.Gepidia.Types\R5T.Gepidia.Types.csproj", "{9B8B4214-6256-4BC1-9141-52511B33A236}"
EndProject
Project("{9A19103F-16F7-4668-BE54-9A1E7A4F7556}") = "R5T.L0013", "..\..\R5T.L0013\source\R5T.L0013\R5T.L0013.csproj", "{ADFC2DA6-A8FB-42C0-A05F-4B12D68C3E00}"
EndProject
Project("{9A19103F-16F7-4668-BE54-9A1E7A4F7556}") = "R5T.Ostrogothia.Rivet.Types", "..\..\R5T.Ostrogothia.Rivet\source\R5T.Ostrogothia.Rivet.Types\R5T.Ostrogothia.Rivet.Types.csproj", "{E929BE84-9BCF-4593-8971-24B4563753DA}"
EndProject
Project("{9A19103F-16F7-4668-BE54-9A1E7A4F7556}") = "R5T.Ostrogothia.Abstractions", "..\..\R5T.Ostrogothia\source\R5T.Ostrogothia.Abstractions\R5T.Ostrogothia.Abstractions.csproj", "{00378B94-45FF-494D-A4D9-A75B46512AB6}"
EndProject
Project("{9A19103F-16F7-4668-BE54-9A1E7A4F7556}") = "R5T.Ostrogothia.Base", "..\..\R5T.Ostrogothia\source\R5T.Ostrogothia.Base\R5T.Ostrogothia.Base.csproj", "{093A9404-E2D3-4EDE-9FA3-47072BF51B42}"
EndProject
Project("{9A19103F-16F7-4668-BE54-9A1E7A4F7556}") = "R5T.Ostrogothia.Types", "..\..\R5T.Ostrogothia\source\R5T.Ostrogothia.Types\R5T.Ostrogothia.Types.csproj", "{31F544BD-4F70-4EA0-B49E-E73B5CACF106}"
EndProject
Project("{9A19103F-16F7-4668-BE54-9A1E7A4F7556}") = "R5T.Pictia.Base", "..\..\R5T.Pictia.Base\source\R5T.Pictia.Base\R5T.Pictia.Base.csproj", "{50427BF1-AC5E-4F32-A060-546639B9676D}"
EndProject
Project("{9A19103F-16F7-4668-BE54-9A1E7A4F7556}") = "R5T.Quadia", "..\..\R5T.Quadia\source\R5T.Quadia\R5T.Quadia.csproj", "{29F6552E-C386-496F-ACEB-90013EA3342D}"
EndProject
Project("{9A19103F-16F7-4668-BE54-9A1E7A4F7556}") = "R5T.Suebia.Default", "..\..\R5T.Suebia.Default\source\R5T.Suebia.Default\R5T.Suebia.Default.csproj", "{CC2845AF-0FDA-4E9E-8E8F-57BA00E8C911}"
EndProject
Project("{9A19103F-16F7-4668-BE54-9A1E7A4F7556}") = "R5T.T0039.T002", "..\..\R5T.T0039\source\R5T.T0039.T002\R5T.T0039.T002.csproj", "{B3EF7DE0-8CC1-4B6A-909F-EFFB920BAA91}"
EndProject
Project("{9A19103F-16F7-4668-BE54-9A1E7A4F7556}") = "R5T.T0062.X001", "..\..\R5T.T0062\source\R5T.T0062.X001\R5T.T0062.X001.csproj", "{40D58C18-E1E2-438C-A09D-80EBA1674A8B}"
EndProject
Project("{9A19103F-16F7-4668-BE54-9A1E7A4F7556}") = "R5T.T0062", "..\..\R5T.T0062\source\R5T.T0062\R5T.T0062.csproj", "{7520B150-ABBE-454D-84A2-30B13A425B66}"
EndProject
Project("{9A19103F-16F7-4668-BE54-9A1E7A4F7556}") = "R5T.T0063", "..\..\R5T.T0063\source\R5T.T0063\R5T.T0063.csproj", "{1B6BBAA2-286E-41A0-AD9A-7833DDF85229}"
EndProject
Project("{9A19103F-16F7-4668-BE54-9A1E7A4F7556}") = "R5T.T0064.T001", "..\..\R5T.T0064\source\R5T.T0064.T001\R5T.T0064.T001.csproj", "{632AF1C3-BA3B-4233-8111-B9CB2F9607C2}"
EndProject
Project("{9A19103F-16F7-4668-BE54-9A1E7A4F7556}") = "R5T.T0064", "..\..\R5T.T0064\source\R5T.T0064\R5T.T0064.csproj", "{21927CCB-9420-43EB-ADE1-90972D51DA83}"
EndProject
Project("{9A19103F-16F7-4668-BE54-9A1E7A4F7556}") = "R5T.T0143", "..\..\R5T.T0143\source\R5T.T0143\R5T.T0143.csproj", "{E5035C50-9150-4973-848E-1B72BD9DF411}"
EndProject
Global
	GlobalSection(NestedProjects) = preSolution
		{71F3E303-1BF7-416A-B810-864244CEF6CB} = {EC735A38-4B78-40BE-A97C-3B9B19FDD2BF}
		{898B7720-0C57-49C5-B579-9BD56FBCD85E} = {EC735A38-4B78-40BE-A97C-3B9B19FDD2BF}
		{E1A53416-C2AF-4C34-9C11-904431BE1657} = {EC735A38-4B78-40BE-A97C-3B9B19FDD2BF}
		{603214F0-0446-41D4-B799-2EB1E43AFE4F} = {EC735A38-4B78-40BE-A97C-3B9B19FDD2BF}
		{05FEBF98-00BD-4AC8-9D2D-F4900774BB94} = {EC735A38-4B78-40BE-A97C-3B9B19FDD2BF}
		{3890BE84-38DC-4841-9960-A38B164B2490} = {EC735A38-4B78-40BE-A97C-3B9B19FDD2BF}
		{BF9B911F-80B2-463E-AFA2-085C55CE1314} = {EC735A38-4B78-40BE-A97C-3B9B19FDD2BF}
		{CCAC22FC-A593-4241-81F8-4C8EA4711302} = {EC735A38-4B78-40BE-A97C-3B9B19FDD2BF}
		{0692930E-BB98-4502-A4AB-97DB5C14DBAF} = {EC735A38-4B78-40BE-A97C-3B9B19FDD2BF}
		{A9D12A17-6EFE-4C93-B4D9-B5771F6CDCC3} = {EC735A38-4B78-40BE-A97C-3B9B19FDD2BF}
		{FC0B065E-30BA-4BD6-9077-BFA7F11F35F8} = {EC735A38-4B78-40BE-A97C-3B9B19FDD2BF}
		{F785C4F1-1378-4CC3-8F30-E22AC23ADF19} = {EC735A38-4B78-40BE-A97C-3B9B19FDD2BF}
		{FD8CE8BD-24EF-405B-AF47-FC182FDA4317} = {EC735A38-4B78-40BE-A97C-3B9B19FDD2BF}
		{F872FFD3-3408-4D00-AEDF-378290735974} = {EC735A38-4B78-40BE-A97C-3B9B19FDD2BF}
		{5CE68518-633C-4D0F-8349-203118D48A1F} = {EC735A38-4B78-40BE-A97C-3B9B19FDD2BF}
		{89089CDD-771A-48B9-B134-3A02B8DE5436} = {EC735A38-4B78-40BE-A97C-3B9B19FDD2BF}
		{3E014678-17CD-4F0F-BA78-C17F386D02EB} = {EC735A38-4B78-40BE-A97C-3B9B19FDD2BF}
		{C1129512-D760-4B4D-B8A3-46C54B8071B5} = {EC735A38-4B78-40BE-A97C-3B9B19FDD2BF}
		{7B69173A-B05E-4D35-9164-5EC9434B0EF0} = {EC735A38-4B78-40BE-A97C-3B9B19FDD2BF}
		{5E5D6193-C4CF-4B5B-A089-197B0F2009F6} = {EC735A38-4B78-40BE-A97C-3B9B19FDD2BF}
		{F6460E97-F9F9-43B5-B1F6-F7AFE943319D} = {EC735A38-4B78-40BE-A97C-3B9B19FDD2BF}
		{02EE39A5-CC9F-4C19-974A-6F6EC045C81D} = {EC735A38-4B78-40BE-A97C-3B9B19FDD2BF}
		{BE24A672-C6B5-4F2D-80EA-B40787AB0B70} = {EC735A38-4B78-40BE-A97C-3B9B19FDD2BF}
		{948F75D6-981F-478F-943D-F8A9F643C203} = {EC735A38-4B78-40BE-A97C-3B9B19FDD2BF}
		{5601BBC2-3E95-43EA-A957-65D9CC1ED48D} = {EC735A38-4B78-40BE-A97C-3B9B19FDD2BF}
		{F7278A6D-1090-4DB8-86A3-F189C4AD7848} = {EC735A38-4B78-40BE-A97C-3B9B19FDD2BF}
		{8BA2713F-726A-460B-93C6-58763008BCBD} = {EC735A38-4B78-40BE-A97C-3B9B19FDD2BF}
		{14A1C531-DAF5-4626-A812-59D9D116E72A} = {EC735A38-4B78-40BE-A97C-3B9B19FDD2BF}
		{A595A10E-EF1C-4C27-8BF1-DDE5B8AC0BB2} = {EC735A38-4B78-40BE-A97C-3B9B19FDD2BF}
		{9B8B4214-6256-4BC1-9141-52511B33A236} = {EC735A38-4B78-40BE-A97C-3B9B19FDD2BF}
		{ADFC2DA6-A8FB-42C0-A05F-4B12D68C3E00} = {EC735A38-4B78-40BE-A97C-3B9B19FDD2BF}
		{E929BE84-9BCF-4593-8971-24B4563753DA} = {EC735A38-4B78-40BE-A97C-3B9B19FDD2BF}
		{00378B94-45FF-494D-A4D9-A75B46512AB6} = {EC735A38-4B78-40BE-A97C-3B9B19FDD2BF}
		{093A9404-E2D3-4EDE-9FA3-47072BF51B42} = {EC735A38-4B78-40BE-A97C-3B9B19FDD2BF}
		{31F544BD-4F70-4EA0-B49E-E73B5CACF106} = {EC735A38-4B78-40BE-A97C-3B9B19FDD2BF}
		{50427BF1-AC5E-4F32-A060-546639B9676D} = {EC735A38-4B78-40BE-A97C-3B9B19FDD2BF}
		{29F6552E-C386-496F-ACEB-90013EA3342D} = {EC735A38-4B78-40BE-A97C-3B9B19FDD2BF}
		{CC2845AF-0FDA-4E9E-8E8F-57BA00E8C911} = {EC735A38-4B78-40BE-A97C-3B9B19FDD2BF}
		{B3EF7DE0-8CC1-4B6A-909F-EFFB920BAA91} = {EC735A38-4B78-40BE-A97C-3B9B19FDD2BF}
		{40D58C18-E1E2-438C-A09D-80EBA1674A8B} = {EC735A38-4B78-40BE-A97C-3B9B19FDD2BF}
		{7520B150-ABBE-454D-84A2-30B13A425B66} = {EC735A38-4B78-40BE-A97C-3B9B19FDD2BF}
		{1B6BBAA2-286E-41A0-AD9A-7833DDF85229} = {EC735A38-4B78-40BE-A97C-3B9B19FDD2BF}
		{632AF1C3-BA3B-4233-8111-B9CB2F9607C2} = {EC735A38-4B78-40BE-A97C-3B9B19FDD2BF}
		{21927CCB-9420-43EB-ADE1-90972D51DA83} = {EC735A38-4B78-40BE-A97C-3B9B19FDD2BF}
		{E5035C50-9150-4973-848E-1B72BD9DF411} = {EC735A38-4B78-40BE-A97C-3B9B19FDD2BF}
	EndGlobalSection
	GlobalSection(SolutionConfigurationPlatforms) = preSolution
		Debug|Any CPU = Debug|Any CPU
		Debug|x64 = Debug|x64
		Debug|x86 = Debug|x86
		Release|Any CPU = Release|Any CPU
		Release|x64 = Release|x64
		Release|x86 = Release|x86
	EndGlobalSection
	GlobalSection(ProjectConfigurationPlatforms) = postSolution
		{33D0D0F6-15E1-4B73-918D-530446544336}.Debug|Any CPU.ActiveCfg = Debug|Any CPU
		{33D0D0F6-15E1-4B73-918D-530446544336}.Debug|Any CPU.Build.0 = Debug|Any CPU
		{33D0D0F6-15E1-4B73-918D-530446544336}.Debug|x64.ActiveCfg = Debug|Any CPU
		{33D0D0F6-15E1-4B73-918D-530446544336}.Debug|x64.Build.0 = Debug|Any CPU
		{33D0D0F6-15E1-4B73-918D-530446544336}.Debug|x86.ActiveCfg = Debug|Any CPU
		{33D0D0F6-15E1-4B73-918D-530446544336}.Debug|x86.Build.0 = Debug|Any CPU
		{33D0D0F6-15E1-4B73-918D-530446544336}.Release|Any CPU.ActiveCfg = Release|Any CPU
		{33D0D0F6-15E1-4B73-918D-530446544336}.Release|Any CPU.Build.0 = Release|Any CPU
		{33D0D0F6-15E1-4B73-918D-530446544336}.Release|x64.ActiveCfg = Release|Any CPU
		{33D0D0F6-15E1-4B73-918D-530446544336}.Release|x64.Build.0 = Release|Any CPU
		{33D0D0F6-15E1-4B73-918D-530446544336}.Release|x86.ActiveCfg = Release|Any CPU
		{33D0D0F6-15E1-4B73-918D-530446544336}.Release|x86.Build.0 = Release|Any CPU
		{7242E3B8-7959-4130-AF8F-0DB680E5FBFF}.Debug|Any CPU.ActiveCfg = Debug|Any CPU
		{7242E3B8-7959-4130-AF8F-0DB680E5FBFF}.Debug|Any CPU.Build.0 = Debug|Any CPU
		{7242E3B8-7959-4130-AF8F-0DB680E5FBFF}.Debug|x64.ActiveCfg = Debug|Any CPU
		{7242E3B8-7959-4130-AF8F-0DB680E5FBFF}.Debug|x64.Build.0 = Debug|Any CPU
		{7242E3B8-7959-4130-AF8F-0DB680E5FBFF}.Debug|x86.ActiveCfg = Debug|Any CPU
		{7242E3B8-7959-4130-AF8F-0DB680E5FBFF}.Debug|x86.Build.0 = Debug|Any CPU
		{7242E3B8-7959-4130-AF8F-0DB680E5FBFF}.Release|Any CPU.ActiveCfg = Release|Any CPU
		{7242E3B8-7959-4130-AF8F-0DB680E5FBFF}.Release|Any CPU.Build.0 = Release|Any CPU
		{7242E3B8-7959-4130-AF8F-0DB680E5FBFF}.Release|x64.ActiveCfg = Release|Any CPU
		{7242E3B8-7959-4130-AF8F-0DB680E5FBFF}.Release|x64.Build.0 = Release|Any CPU
		{7242E3B8-7959-4130-AF8F-0DB680E5FBFF}.Release|x86.ActiveCfg = Release|Any CPU
		{7242E3B8-7959-4130-AF8F-0DB680E5FBFF}.Release|x86.Build.0 = Release|Any CPU
		{1E125711-6E11-4878-B044-B130E628BB80}.Debug|Any CPU.ActiveCfg = Debug|Any CPU
		{1E125711-6E11-4878-B044-B130E628BB80}.Debug|Any CPU.Build.0 = Debug|Any CPU
		{1E125711-6E11-4878-B044-B130E628BB80}.Debug|x64.ActiveCfg = Debug|Any CPU
		{1E125711-6E11-4878-B044-B130E628BB80}.Debug|x64.Build.0 = Debug|Any CPU
		{1E125711-6E11-4878-B044-B130E628BB80}.Debug|x86.ActiveCfg = Debug|Any CPU
		{1E125711-6E11-4878-B044-B130E628BB80}.Debug|x86.Build.0 = Debug|Any CPU
		{1E125711-6E11-4878-B044-B130E628BB80}.Release|Any CPU.ActiveCfg = Release|Any CPU
		{1E125711-6E11-4878-B044-B130E628BB80}.Release|Any CPU.Build.0 = Release|Any CPU
		{1E125711-6E11-4878-B044-B130E628BB80}.Release|x64.ActiveCfg = Release|Any CPU
		{1E125711-6E11-4878-B044-B130E628BB80}.Release|x64.Build.0 = Release|Any CPU
		{1E125711-6E11-4878-B044-B130E628BB80}.Release|x86.ActiveCfg = Release|Any CPU
		{1E125711-6E11-4878-B044-B130E628BB80}.Release|x86.Build.0 = Release|Any CPU
		{71F3E303-1BF7-416A-B810-864244CEF6CB}.Debug|Any CPU.ActiveCfg = Debug|Any CPU
		{71F3E303-1BF7-416A-B810-864244CEF6CB}.Debug|Any CPU.Build.0 = Debug|Any CPU
		{71F3E303-1BF7-416A-B810-864244CEF6CB}.Debug|x64.ActiveCfg = Debug|Any CPU
		{71F3E303-1BF7-416A-B810-864244CEF6CB}.Debug|x64.Build.0 = Debug|Any CPU
		{71F3E303-1BF7-416A-B810-864244CEF6CB}.Debug|x86.ActiveCfg = Debug|Any CPU
		{71F3E303-1BF7-416A-B810-864244CEF6CB}.Debug|x86.Build.0 = Debug|Any CPU
		{71F3E303-1BF7-416A-B810-864244CEF6CB}.Release|Any CPU.ActiveCfg = Release|Any CPU
		{71F3E303-1BF7-416A-B810-864244CEF6CB}.Release|Any CPU.Build.0 = Release|Any CPU
		{71F3E303-1BF7-416A-B810-864244CEF6CB}.Release|x64.ActiveCfg = Release|Any CPU
		{71F3E303-1BF7-416A-B810-864244CEF6CB}.Release|x64.Build.0 = Release|Any CPU
		{71F3E303-1BF7-416A-B810-864244CEF6CB}.Release|x86.ActiveCfg = Release|Any CPU
		{71F3E303-1BF7-416A-B810-864244CEF6CB}.Release|x86.Build.0 = Release|Any CPU
		{898B7720-0C57-49C5-B579-9BD56FBCD85E}.Debug|Any CPU.ActiveCfg = Debug|Any CPU
		{898B7720-0C57-49C5-B579-9BD56FBCD85E}.Debug|Any CPU.Build.0 = Debug|Any CPU
		{898B7720-0C57-49C5-B579-9BD56FBCD85E}.Debug|x64.ActiveCfg = Debug|Any CPU
		{898B7720-0C57-49C5-B579-9BD56FBCD85E}.Debug|x64.Build.0 = Debug|Any CPU
		{898B7720-0C57-49C5-B579-9BD56FBCD85E}.Debug|x86.ActiveCfg = Debug|Any CPU
		{898B7720-0C57-49C5-B579-9BD56FBCD85E}.Debug|x86.Build.0 = Debug|Any CPU
		{898B7720-0C57-49C5-B579-9BD56FBCD85E}.Release|Any CPU.ActiveCfg = Release|Any CPU
		{898B7720-0C57-49C5-B579-9BD56FBCD85E}.Release|Any CPU.Build.0 = Release|Any CPU
		{898B7720-0C57-49C5-B579-9BD56FBCD85E}.Release|x64.ActiveCfg = Release|Any CPU
		{898B7720-0C57-49C5-B579-9BD56FBCD85E}.Release|x64.Build.0 = Release|Any CPU
		{898B7720-0C57-49C5-B579-9BD56FBCD85E}.Release|x86.ActiveCfg = Release|Any CPU
		{898B7720-0C57-49C5-B579-9BD56FBCD85E}.Release|x86.Build.0 = Release|Any CPU
		{E1A53416-C2AF-4C34-9C11-904431BE1657}.Debug|Any CPU.ActiveCfg = Debug|Any CPU
		{E1A53416-C2AF-4C34-9C11-904431BE1657}.Debug|Any CPU.Build.0 = Debug|Any CPU
		{E1A53416-C2AF-4C34-9C11-904431BE1657}.Debug|x64.ActiveCfg = Debug|Any CPU
		{E1A53416-C2AF-4C34-9C11-904431BE1657}.Debug|x64.Build.0 = Debug|Any CPU
		{E1A53416-C2AF-4C34-9C11-904431BE1657}.Debug|x86.ActiveCfg = Debug|Any CPU
		{E1A53416-C2AF-4C34-9C11-904431BE1657}.Debug|x86.Build.0 = Debug|Any CPU
		{E1A53416-C2AF-4C34-9C11-904431BE1657}.Release|Any CPU.ActiveCfg = Release|Any CPU
		{E1A53416-C2AF-4C34-9C11-904431BE1657}.Release|Any CPU.Build.0 = Release|Any CPU
		{E1A53416-C2AF-4C34-9C11-904431BE1657}.Release|x64.ActiveCfg = Release|Any CPU
		{E1A53416-C2AF-4C34-9C11-904431BE1657}.Release|x64.Build.0 = Release|Any CPU
		{E1A53416-C2AF-4C34-9C11-904431BE1657}.Release|x86.ActiveCfg = Release|Any CPU
		{E1A53416-C2AF-4C34-9C11-904431BE1657}.Release|x86.Build.0 = Release|Any CPU
		{603214F0-0446-41D4-B799-2EB1E43AFE4F}.Debug|Any CPU.ActiveCfg = Debug|Any CPU
		{603214F0-0446-41D4-B799-2EB1E43AFE4F}.Debug|Any CPU.Build.0 = Debug|Any CPU
		{603214F0-0446-41D4-B799-2EB1E43AFE4F}.Debug|x64.ActiveCfg = Debug|Any CPU
		{603214F0-0446-41D4-B799-2EB1E43AFE4F}.Debug|x64.Build.0 = Debug|Any CPU
		{603214F0-0446-41D4-B799-2EB1E43AFE4F}.Debug|x86.ActiveCfg = Debug|Any CPU
		{603214F0-0446-41D4-B799-2EB1E43AFE4F}.Debug|x86.Build.0 = Debug|Any CPU
		{603214F0-0446-41D4-B799-2EB1E43AFE4F}.Release|Any CPU.ActiveCfg = Release|Any CPU
		{603214F0-0446-41D4-B799-2EB1E43AFE4F}.Release|Any CPU.Build.0 = Release|Any CPU
		{603214F0-0446-41D4-B799-2EB1E43AFE4F}.Release|x64.ActiveCfg = Release|Any CPU
		{603214F0-0446-41D4-B799-2EB1E43AFE4F}.Release|x64.Build.0 = Release|Any CPU
		{603214F0-0446-41D4-B799-2EB1E43AFE4F}.Release|x86.ActiveCfg = Release|Any CPU
		{603214F0-0446-41D4-B799-2EB1E43AFE4F}.Release|x86.Build.0 = Release|Any CPU
		{05FEBF98-00BD-4AC8-9D2D-F4900774BB94}.Debug|Any CPU.ActiveCfg = Debug|Any CPU
		{05FEBF98-00BD-4AC8-9D2D-F4900774BB94}.Debug|Any CPU.Build.0 = Debug|Any CPU
		{05FEBF98-00BD-4AC8-9D2D-F4900774BB94}.Debug|x64.ActiveCfg = Debug|Any CPU
		{05FEBF98-00BD-4AC8-9D2D-F4900774BB94}.Debug|x64.Build.0 = Debug|Any CPU
		{05FEBF98-00BD-4AC8-9D2D-F4900774BB94}.Debug|x86.ActiveCfg = Debug|Any CPU
		{05FEBF98-00BD-4AC8-9D2D-F4900774BB94}.Debug|x86.Build.0 = Debug|Any CPU
		{05FEBF98-00BD-4AC8-9D2D-F4900774BB94}.Release|Any CPU.ActiveCfg = Release|Any CPU
		{05FEBF98-00BD-4AC8-9D2D-F4900774BB94}.Release|Any CPU.Build.0 = Release|Any CPU
		{05FEBF98-00BD-4AC8-9D2D-F4900774BB94}.Release|x64.ActiveCfg = Release|Any CPU
		{05FEBF98-00BD-4AC8-9D2D-F4900774BB94}.Release|x64.Build.0 = Release|Any CPU
		{05FEBF98-00BD-4AC8-9D2D-F4900774BB94}.Release|x86.ActiveCfg = Release|Any CPU
		{05FEBF98-00BD-4AC8-9D2D-F4900774BB94}.Release|x86.Build.0 = Release|Any CPU
		{3890BE84-38DC-4841-9960-A38B164B2490}.Debug|Any CPU.ActiveCfg = Debug|Any CPU
		{3890BE84-38DC-4841-9960-A38B164B2490}.Debug|Any CPU.Build.0 = Debug|Any CPU
		{3890BE84-38DC-4841-9960-A38B164B2490}.Debug|x64.ActiveCfg = Debug|Any CPU
		{3890BE84-38DC-4841-9960-A38B164B2490}.Debug|x64.Build.0 = Debug|Any CPU
		{3890BE84-38DC-4841-9960-A38B164B2490}.Debug|x86.ActiveCfg = Debug|Any CPU
		{3890BE84-38DC-4841-9960-A38B164B2490}.Debug|x86.Build.0 = Debug|Any CPU
		{3890BE84-38DC-4841-9960-A38B164B2490}.Release|Any CPU.ActiveCfg = Release|Any CPU
		{3890BE84-38DC-4841-9960-A38B164B2490}.Release|Any CPU.Build.0 = Release|Any CPU
		{3890BE84-38DC-4841-9960-A38B164B2490}.Release|x64.ActiveCfg = Release|Any CPU
		{3890BE84-38DC-4841-9960-A38B164B2490}.Release|x64.Build.0 = Release|Any CPU
		{3890BE84-38DC-4841-9960-A38B164B2490}.Release|x86.ActiveCfg = Release|Any CPU
		{3890BE84-38DC-4841-9960-A38B164B2490}.Release|x86.Build.0 = Release|Any CPU
		{BF9B911F-80B2-463E-AFA2-085C55CE1314}.Debug|Any CPU.ActiveCfg = Debug|Any CPU
		{BF9B911F-80B2-463E-AFA2-085C55CE1314}.Debug|Any CPU.Build.0 = Debug|Any CPU
		{BF9B911F-80B2-463E-AFA2-085C55CE1314}.Debug|x64.ActiveCfg = Debug|Any CPU
		{BF9B911F-80B2-463E-AFA2-085C55CE1314}.Debug|x64.Build.0 = Debug|Any CPU
		{BF9B911F-80B2-463E-AFA2-085C55CE1314}.Debug|x86.ActiveCfg = Debug|Any CPU
		{BF9B911F-80B2-463E-AFA2-085C55CE1314}.Debug|x86.Build.0 = Debug|Any CPU
		{BF9B911F-80B2-463E-AFA2-085C55CE1314}.Release|Any CPU.ActiveCfg = Release|Any CPU
		{BF9B911F-80B2-463E-AFA2-085C55CE1314}.Release|Any CPU.Build.0 = Release|Any CPU
		{BF9B911F-80B2-463E-AFA2-085C55CE1314}.Release|x64.ActiveCfg = Release|Any CPU
		{BF9B911F-80B2-463E-AFA2-085C55CE1314}.Release|x64.Build.0 = Release|Any CPU
		{BF9B911F-80B2-463E-AFA2-085C55CE1314}.Release|x86.ActiveCfg = Release|Any CPU
		{BF9B911F-80B2-463E-AFA2-085C55CE1314}.Release|x86.Build.0 = Release|Any CPU
		{CCAC22FC-A593-4241-81F8-4C8EA4711302}.Debug|Any CPU.ActiveCfg = Debug|Any CPU
		{CCAC22FC-A593-4241-81F8-4C8EA4711302}.Debug|Any CPU.Build.0 = Debug|Any CPU
		{CCAC22FC-A593-4241-81F8-4C8EA4711302}.Debug|x64.ActiveCfg = Debug|Any CPU
		{CCAC22FC-A593-4241-81F8-4C8EA4711302}.Debug|x64.Build.0 = Debug|Any CPU
		{CCAC22FC-A593-4241-81F8-4C8EA4711302}.Debug|x86.ActiveCfg = Debug|Any CPU
		{CCAC22FC-A593-4241-81F8-4C8EA4711302}.Debug|x86.Build.0 = Debug|Any CPU
		{CCAC22FC-A593-4241-81F8-4C8EA4711302}.Release|Any CPU.ActiveCfg = Release|Any CPU
		{CCAC22FC-A593-4241-81F8-4C8EA4711302}.Release|Any CPU.Build.0 = Release|Any CPU
		{CCAC22FC-A593-4241-81F8-4C8EA4711302}.Release|x64.ActiveCfg = Release|Any CPU
		{CCAC22FC-A593-4241-81F8-4C8EA4711302}.Release|x64.Build.0 = Release|Any CPU
		{CCAC22FC-A593-4241-81F8-4C8EA4711302}.Release|x86.ActiveCfg = Release|Any CPU
		{CCAC22FC-A593-4241-81F8-4C8EA4711302}.Release|x86.Build.0 = Release|Any CPU
		{0692930E-BB98-4502-A4AB-97DB5C14DBAF}.Debug|Any CPU.ActiveCfg = Debug|Any CPU
		{0692930E-BB98-4502-A4AB-97DB5C14DBAF}.Debug|Any CPU.Build.0 = Debug|Any CPU
		{0692930E-BB98-4502-A4AB-97DB5C14DBAF}.Debug|x64.ActiveCfg = Debug|Any CPU
		{0692930E-BB98-4502-A4AB-97DB5C14DBAF}.Debug|x64.Build.0 = Debug|Any CPU
		{0692930E-BB98-4502-A4AB-97DB5C14DBAF}.Debug|x86.ActiveCfg = Debug|Any CPU
		{0692930E-BB98-4502-A4AB-97DB5C14DBAF}.Debug|x86.Build.0 = Debug|Any CPU
		{0692930E-BB98-4502-A4AB-97DB5C14DBAF}.Release|Any CPU.ActiveCfg = Release|Any CPU
		{0692930E-BB98-4502-A4AB-97DB5C14DBAF}.Release|Any CPU.Build.0 = Release|Any CPU
		{0692930E-BB98-4502-A4AB-97DB5C14DBAF}.Release|x64.ActiveCfg = Release|Any CPU
		{0692930E-BB98-4502-A4AB-97DB5C14DBAF}.Release|x64.Build.0 = Release|Any CPU
		{0692930E-BB98-4502-A4AB-97DB5C14DBAF}.Release|x86.ActiveCfg = Release|Any CPU
		{0692930E-BB98-4502-A4AB-97DB5C14DBAF}.Release|x86.Build.0 = Release|Any CPU
		{A9D12A17-6EFE-4C93-B4D9-B5771F6CDCC3}.Debug|Any CPU.ActiveCfg = Debug|Any CPU
		{A9D12A17-6EFE-4C93-B4D9-B5771F6CDCC3}.Debug|Any CPU.Build.0 = Debug|Any CPU
		{A9D12A17-6EFE-4C93-B4D9-B5771F6CDCC3}.Debug|x64.ActiveCfg = Debug|Any CPU
		{A9D12A17-6EFE-4C93-B4D9-B5771F6CDCC3}.Debug|x64.Build.0 = Debug|Any CPU
		{A9D12A17-6EFE-4C93-B4D9-B5771F6CDCC3}.Debug|x86.ActiveCfg = Debug|Any CPU
		{A9D12A17-6EFE-4C93-B4D9-B5771F6CDCC3}.Debug|x86.Build.0 = Debug|Any CPU
		{A9D12A17-6EFE-4C93-B4D9-B5771F6CDCC3}.Release|Any CPU.ActiveCfg = Release|Any CPU
		{A9D12A17-6EFE-4C93-B4D9-B5771F6CDCC3}.Release|Any CPU.Build.0 = Release|Any CPU
		{A9D12A17-6EFE-4C93-B4D9-B5771F6CDCC3}.Release|x64.ActiveCfg = Release|Any CPU
		{A9D12A17-6EFE-4C93-B4D9-B5771F6CDCC3}.Release|x64.Build.0 = Release|Any CPU
		{A9D12A17-6EFE-4C93-B4D9-B5771F6CDCC3}.Release|x86.ActiveCfg = Release|Any CPU
		{A9D12A17-6EFE-4C93-B4D9-B5771F6CDCC3}.Release|x86.Build.0 = Release|Any CPU
		{FC0B065E-30BA-4BD6-9077-BFA7F11F35F8}.Debug|Any CPU.ActiveCfg = Debug|Any CPU
		{FC0B065E-30BA-4BD6-9077-BFA7F11F35F8}.Debug|Any CPU.Build.0 = Debug|Any CPU
		{FC0B065E-30BA-4BD6-9077-BFA7F11F35F8}.Debug|x64.ActiveCfg = Debug|Any CPU
		{FC0B065E-30BA-4BD6-9077-BFA7F11F35F8}.Debug|x64.Build.0 = Debug|Any CPU
		{FC0B065E-30BA-4BD6-9077-BFA7F11F35F8}.Debug|x86.ActiveCfg = Debug|Any CPU
		{FC0B065E-30BA-4BD6-9077-BFA7F11F35F8}.Debug|x86.Build.0 = Debug|Any CPU
		{FC0B065E-30BA-4BD6-9077-BFA7F11F35F8}.Release|Any CPU.ActiveCfg = Release|Any CPU
		{FC0B065E-30BA-4BD6-9077-BFA7F11F35F8}.Release|Any CPU.Build.0 = Release|Any CPU
		{FC0B065E-30BA-4BD6-9077-BFA7F11F35F8}.Release|x64.ActiveCfg = Release|Any CPU
		{FC0B065E-30BA-4BD6-9077-BFA7F11F35F8}.Release|x64.Build.0 = Release|Any CPU
		{FC0B065E-30BA-4BD6-9077-BFA7F11F35F8}.Release|x86.ActiveCfg = Release|Any CPU
		{FC0B065E-30BA-4BD6-9077-BFA7F11F35F8}.Release|x86.Build.0 = Release|Any CPU
		{F785C4F1-1378-4CC3-8F30-E22AC23ADF19}.Debug|Any CPU.ActiveCfg = Debug|Any CPU
		{F785C4F1-1378-4CC3-8F30-E22AC23ADF19}.Debug|Any CPU.Build.0 = Debug|Any CPU
		{F785C4F1-1378-4CC3-8F30-E22AC23ADF19}.Debug|x64.ActiveCfg = Debug|Any CPU
		{F785C4F1-1378-4CC3-8F30-E22AC23ADF19}.Debug|x64.Build.0 = Debug|Any CPU
		{F785C4F1-1378-4CC3-8F30-E22AC23ADF19}.Debug|x86.ActiveCfg = Debug|Any CPU
		{F785C4F1-1378-4CC3-8F30-E22AC23ADF19}.Debug|x86.Build.0 = Debug|Any CPU
		{F785C4F1-1378-4CC3-8F30-E22AC23ADF19}.Release|Any CPU.ActiveCfg = Release|Any CPU
		{F785C4F1-1378-4CC3-8F30-E22AC23ADF19}.Release|Any CPU.Build.0 = Release|Any CPU
		{F785C4F1-1378-4CC3-8F30-E22AC23ADF19}.Release|x64.ActiveCfg = Release|Any CPU
		{F785C4F1-1378-4CC3-8F30-E22AC23ADF19}.Release|x64.Build.0 = Release|Any CPU
		{F785C4F1-1378-4CC3-8F30-E22AC23ADF19}.Release|x86.ActiveCfg = Release|Any CPU
		{F785C4F1-1378-4CC3-8F30-E22AC23ADF19}.Release|x86.Build.0 = Release|Any CPU
		{FD8CE8BD-24EF-405B-AF47-FC182FDA4317}.Debug|Any CPU.ActiveCfg = Debug|Any CPU
		{FD8CE8BD-24EF-405B-AF47-FC182FDA4317}.Debug|Any CPU.Build.0 = Debug|Any CPU
		{FD8CE8BD-24EF-405B-AF47-FC182FDA4317}.Debug|x64.ActiveCfg = Debug|Any CPU
		{FD8CE8BD-24EF-405B-AF47-FC182FDA4317}.Debug|x64.Build.0 = Debug|Any CPU
		{FD8CE8BD-24EF-405B-AF47-FC182FDA4317}.Debug|x86.ActiveCfg = Debug|Any CPU
		{FD8CE8BD-24EF-405B-AF47-FC182FDA4317}.Debug|x86.Build.0 = Debug|Any CPU
		{FD8CE8BD-24EF-405B-AF47-FC182FDA4317}.Release|Any CPU.ActiveCfg = Release|Any CPU
		{FD8CE8BD-24EF-405B-AF47-FC182FDA4317}.Release|Any CPU.Build.0 = Release|Any CPU
		{FD8CE8BD-24EF-405B-AF47-FC182FDA4317}.Release|x64.ActiveCfg = Release|Any CPU
		{FD8CE8BD-24EF-405B-AF47-FC182FDA4317}.Release|x64.Build.0 = Release|Any CPU
		{FD8CE8BD-24EF-405B-AF47-FC182FDA4317}.Release|x86.ActiveCfg = Release|Any CPU
		{FD8CE8BD-24EF-405B-AF47-FC182FDA4317}.Release|x86.Build.0 = Release|Any CPU
		{F872FFD3-3408-4D00-AEDF-378290735974}.Debug|Any CPU.ActiveCfg = Debug|Any CPU
		{F872FFD3-3408-4D00-AEDF-378290735974}.Debug|Any CPU.Build.0 = Debug|Any CPU
		{F872FFD3-3408-4D00-AEDF-378290735974}.Debug|x64.ActiveCfg = Debug|Any CPU
		{F872FFD3-3408-4D00-AEDF-378290735974}.Debug|x64.Build.0 = Debug|Any CPU
		{F872FFD3-3408-4D00-AEDF-378290735974}.Debug|x86.ActiveCfg = Debug|Any CPU
		{F872FFD3-3408-4D00-AEDF-378290735974}.Debug|x86.Build.0 = Debug|Any CPU
		{F872FFD3-3408-4D00-AEDF-378290735974}.Release|Any CPU.ActiveCfg = Release|Any CPU
		{F872FFD3-3408-4D00-AEDF-378290735974}.Release|Any CPU.Build.0 = Release|Any CPU
		{F872FFD3-3408-4D00-AEDF-378290735974}.Release|x64.ActiveCfg = Release|Any CPU
		{F872FFD3-3408-4D00-AEDF-378290735974}.Release|x64.Build.0 = Release|Any CPU
		{F872FFD3-3408-4D00-AEDF-378290735974}.Release|x86.ActiveCfg = Release|Any CPU
		{F872FFD3-3408-4D00-AEDF-378290735974}.Release|x86.Build.0 = Release|Any CPU
		{5CE68518-633C-4D0F-8349-203118D48A1F}.Debug|Any CPU.ActiveCfg = Debug|Any CPU
		{5CE68518-633C-4D0F-8349-203118D48A1F}.Debug|Any CPU.Build.0 = Debug|Any CPU
		{5CE68518-633C-4D0F-8349-203118D48A1F}.Debug|x64.ActiveCfg = Debug|Any CPU
		{5CE68518-633C-4D0F-8349-203118D48A1F}.Debug|x64.Build.0 = Debug|Any CPU
		{5CE68518-633C-4D0F-8349-203118D48A1F}.Debug|x86.ActiveCfg = Debug|Any CPU
		{5CE68518-633C-4D0F-8349-203118D48A1F}.Debug|x86.Build.0 = Debug|Any CPU
		{5CE68518-633C-4D0F-8349-203118D48A1F}.Release|Any CPU.ActiveCfg = Release|Any CPU
		{5CE68518-633C-4D0F-8349-203118D48A1F}.Release|Any CPU.Build.0 = Release|Any CPU
		{5CE68518-633C-4D0F-8349-203118D48A1F}.Release|x64.ActiveCfg = Release|Any CPU
		{5CE68518-633C-4D0F-8349-203118D48A1F}.Release|x64.Build.0 = Release|Any CPU
		{5CE68518-633C-4D0F-8349-203118D48A1F}.Release|x86.ActiveCfg = Release|Any CPU
		{5CE68518-633C-4D0F-8349-203118D48A1F}.Release|x86.Build.0 = Release|Any CPU
		{89089CDD-771A-48B9-B134-3A02B8DE5436}.Debug|Any CPU.ActiveCfg = Debug|Any CPU
		{89089CDD-771A-48B9-B134-3A02B8DE5436}.Debug|Any CPU.Build.0 = Debug|Any CPU
		{89089CDD-771A-48B9-B134-3A02B8DE5436}.Debug|x64.ActiveCfg = Debug|Any CPU
		{89089CDD-771A-48B9-B134-3A02B8DE5436}.Debug|x64.Build.0 = Debug|Any CPU
		{89089CDD-771A-48B9-B134-3A02B8DE5436}.Debug|x86.ActiveCfg = Debug|Any CPU
		{89089CDD-771A-48B9-B134-3A02B8DE5436}.Debug|x86.Build.0 = Debug|Any CPU
		{89089CDD-771A-48B9-B134-3A02B8DE5436}.Release|Any CPU.ActiveCfg = Release|Any CPU
		{89089CDD-771A-48B9-B134-3A02B8DE5436}.Release|Any CPU.Build.0 = Release|Any CPU
		{89089CDD-771A-48B9-B134-3A02B8DE5436}.Release|x64.ActiveCfg = Release|Any CPU
		{89089CDD-771A-48B9-B134-3A02B8DE5436}.Release|x64.Build.0 = Release|Any CPU
		{89089CDD-771A-48B9-B134-3A02B8DE5436}.Release|x86.ActiveCfg = Release|Any CPU
		{89089CDD-771A-48B9-B134-3A02B8DE5436}.Release|x86.Build.0 = Release|Any CPU
		{3E014678-17CD-4F0F-BA78-C17F386D02EB}.Debug|Any CPU.ActiveCfg = Debug|Any CPU
		{3E014678-17CD-4F0F-BA78-C17F386D02EB}.Debug|Any CPU.Build.0 = Debug|Any CPU
		{3E014678-17CD-4F0F-BA78-C17F386D02EB}.Debug|x64.ActiveCfg = Debug|Any CPU
		{3E014678-17CD-4F0F-BA78-C17F386D02EB}.Debug|x64.Build.0 = Debug|Any CPU
		{3E014678-17CD-4F0F-BA78-C17F386D02EB}.Debug|x86.ActiveCfg = Debug|Any CPU
		{3E014678-17CD-4F0F-BA78-C17F386D02EB}.Debug|x86.Build.0 = Debug|Any CPU
		{3E014678-17CD-4F0F-BA78-C17F386D02EB}.Release|Any CPU.ActiveCfg = Release|Any CPU
		{3E014678-17CD-4F0F-BA78-C17F386D02EB}.Release|Any CPU.Build.0 = Release|Any CPU
		{3E014678-17CD-4F0F-BA78-C17F386D02EB}.Release|x64.ActiveCfg = Release|Any CPU
		{3E014678-17CD-4F0F-BA78-C17F386D02EB}.Release|x64.Build.0 = Release|Any CPU
		{3E014678-17CD-4F0F-BA78-C17F386D02EB}.Release|x86.ActiveCfg = Release|Any CPU
		{3E014678-17CD-4F0F-BA78-C17F386D02EB}.Release|x86.Build.0 = Release|Any CPU
		{C1129512-D760-4B4D-B8A3-46C54B8071B5}.Debug|Any CPU.ActiveCfg = Debug|Any CPU
		{C1129512-D760-4B4D-B8A3-46C54B8071B5}.Debug|Any CPU.Build.0 = Debug|Any CPU
		{C1129512-D760-4B4D-B8A3-46C54B8071B5}.Debug|x64.ActiveCfg = Debug|Any CPU
		{C1129512-D760-4B4D-B8A3-46C54B8071B5}.Debug|x64.Build.0 = Debug|Any CPU
		{C1129512-D760-4B4D-B8A3-46C54B8071B5}.Debug|x86.ActiveCfg = Debug|Any CPU
		{C1129512-D760-4B4D-B8A3-46C54B8071B5}.Debug|x86.Build.0 = Debug|Any CPU
		{C1129512-D760-4B4D-B8A3-46C54B8071B5}.Release|Any CPU.ActiveCfg = Release|Any CPU
		{C1129512-D760-4B4D-B8A3-46C54B8071B5}.Release|Any CPU.Build.0 = Release|Any CPU
		{C1129512-D760-4B4D-B8A3-46C54B8071B5}.Release|x64.ActiveCfg = Release|Any CPU
		{C1129512-D760-4B4D-B8A3-46C54B8071B5}.Release|x64.Build.0 = Release|Any CPU
		{C1129512-D760-4B4D-B8A3-46C54B8071B5}.Release|x86.ActiveCfg = Release|Any CPU
		{C1129512-D760-4B4D-B8A3-46C54B8071B5}.Release|x86.Build.0 = Release|Any CPU
		{7B69173A-B05E-4D35-9164-5EC9434B0EF0}.Debug|Any CPU.ActiveCfg = Debug|Any CPU
		{7B69173A-B05E-4D35-9164-5EC9434B0EF0}.Debug|Any CPU.Build.0 = Debug|Any CPU
		{7B69173A-B05E-4D35-9164-5EC9434B0EF0}.Debug|x64.ActiveCfg = Debug|Any CPU
		{7B69173A-B05E-4D35-9164-5EC9434B0EF0}.Debug|x64.Build.0 = Debug|Any CPU
		{7B69173A-B05E-4D35-9164-5EC9434B0EF0}.Debug|x86.ActiveCfg = Debug|Any CPU
		{7B69173A-B05E-4D35-9164-5EC9434B0EF0}.Debug|x86.Build.0 = Debug|Any CPU
		{7B69173A-B05E-4D35-9164-5EC9434B0EF0}.Release|Any CPU.ActiveCfg = Release|Any CPU
		{7B69173A-B05E-4D35-9164-5EC9434B0EF0}.Release|Any CPU.Build.0 = Release|Any CPU
		{7B69173A-B05E-4D35-9164-5EC9434B0EF0}.Release|x64.ActiveCfg = Release|Any CPU
		{7B69173A-B05E-4D35-9164-5EC9434B0EF0}.Release|x64.Build.0 = Release|Any CPU
		{7B69173A-B05E-4D35-9164-5EC9434B0EF0}.Release|x86.ActiveCfg = Release|Any CPU
		{7B69173A-B05E-4D35-9164-5EC9434B0EF0}.Release|x86.Build.0 = Release|Any CPU
		{5E5D6193-C4CF-4B5B-A089-197B0F2009F6}.Debug|Any CPU.ActiveCfg = Debug|Any CPU
		{5E5D6193-C4CF-4B5B-A089-197B0F2009F6}.Debug|Any CPU.Build.0 = Debug|Any CPU
		{5E5D6193-C4CF-4B5B-A089-197B0F2009F6}.Debug|x64.ActiveCfg = Debug|Any CPU
		{5E5D6193-C4CF-4B5B-A089-197B0F2009F6}.Debug|x64.Build.0 = Debug|Any CPU
		{5E5D6193-C4CF-4B5B-A089-197B0F2009F6}.Debug|x86.ActiveCfg = Debug|Any CPU
		{5E5D6193-C4CF-4B5B-A089-197B0F2009F6}.Debug|x86.Build.0 = Debug|Any CPU
		{5E5D6193-C4CF-4B5B-A089-197B0F2009F6}.Release|Any CPU.ActiveCfg = Release|Any CPU
		{5E5D6193-C4CF-4B5B-A089-197B0F2009F6}.Release|Any CPU.Build.0 = Release|Any CPU
		{5E5D6193-C4CF-4B5B-A089-197B0F2009F6}.Release|x64.ActiveCfg = Release|Any CPU
		{5E5D6193-C4CF-4B5B-A089-197B0F2009F6}.Release|x64.Build.0 = Release|Any CPU
		{5E5D6193-C4CF-4B5B-A089-197B0F2009F6}.Release|x86.ActiveCfg = Release|Any CPU
		{5E5D6193-C4CF-4B5B-A089-197B0F2009F6}.Release|x86.Build.0 = Release|Any CPU
		{F6460E97-F9F9-43B5-B1F6-F7AFE943319D}.Debug|Any CPU.ActiveCfg = Debug|Any CPU
		{F6460E97-F9F9-43B5-B1F6-F7AFE943319D}.Debug|Any CPU.Build.0 = Debug|Any CPU
		{F6460E97-F9F9-43B5-B1F6-F7AFE943319D}.Debug|x64.ActiveCfg = Debug|Any CPU
		{F6460E97-F9F9-43B5-B1F6-F7AFE943319D}.Debug|x64.Build.0 = Debug|Any CPU
		{F6460E97-F9F9-43B5-B1F6-F7AFE943319D}.Debug|x86.ActiveCfg = Debug|Any CPU
		{F6460E97-F9F9-43B5-B1F6-F7AFE943319D}.Debug|x86.Build.0 = Debug|Any CPU
		{F6460E97-F9F9-43B5-B1F6-F7AFE943319D}.Release|Any CPU.ActiveCfg = Release|Any CPU
		{F6460E97-F9F9-43B5-B1F6-F7AFE943319D}.Release|Any CPU.Build.0 = Release|Any CPU
		{F6460E97-F9F9-43B5-B1F6-F7AFE943319D}.Release|x64.ActiveCfg = Release|Any CPU
		{F6460E97-F9F9-43B5-B1F6-F7AFE943319D}.Release|x64.Build.0 = Release|Any CPU
		{F6460E97-F9F9-43B5-B1F6-F7AFE943319D}.Release|x86.ActiveCfg = Release|Any CPU
		{F6460E97-F9F9-43B5-B1F6-F7AFE943319D}.Release|x86.Build.0 = Release|Any CPU
		{02EE39A5-CC9F-4C19-974A-6F6EC045C81D}.Debug|Any CPU.ActiveCfg = Debug|Any CPU
		{02EE39A5-CC9F-4C19-974A-6F6EC045C81D}.Debug|Any CPU.Build.0 = Debug|Any CPU
		{02EE39A5-CC9F-4C19-974A-6F6EC045C81D}.Debug|x64.ActiveCfg = Debug|Any CPU
		{02EE39A5-CC9F-4C19-974A-6F6EC045C81D}.Debug|x64.Build.0 = Debug|Any CPU
		{02EE39A5-CC9F-4C19-974A-6F6EC045C81D}.Debug|x86.ActiveCfg = Debug|Any CPU
		{02EE39A5-CC9F-4C19-974A-6F6EC045C81D}.Debug|x86.Build.0 = Debug|Any CPU
		{02EE39A5-CC9F-4C19-974A-6F6EC045C81D}.Release|Any CPU.ActiveCfg = Release|Any CPU
		{02EE39A5-CC9F-4C19-974A-6F6EC045C81D}.Release|Any CPU.Build.0 = Release|Any CPU
		{02EE39A5-CC9F-4C19-974A-6F6EC045C81D}.Release|x64.ActiveCfg = Release|Any CPU
		{02EE39A5-CC9F-4C19-974A-6F6EC045C81D}.Release|x64.Build.0 = Release|Any CPU
		{02EE39A5-CC9F-4C19-974A-6F6EC045C81D}.Release|x86.ActiveCfg = Release|Any CPU
		{02EE39A5-CC9F-4C19-974A-6F6EC045C81D}.Release|x86.Build.0 = Release|Any CPU
		{BE24A672-C6B5-4F2D-80EA-B40787AB0B70}.Debug|Any CPU.ActiveCfg = Debug|Any CPU
		{BE24A672-C6B5-4F2D-80EA-B40787AB0B70}.Debug|Any CPU.Build.0 = Debug|Any CPU
		{BE24A672-C6B5-4F2D-80EA-B40787AB0B70}.Debug|x64.ActiveCfg = Debug|Any CPU
		{BE24A672-C6B5-4F2D-80EA-B40787AB0B70}.Debug|x64.Build.0 = Debug|Any CPU
		{BE24A672-C6B5-4F2D-80EA-B40787AB0B70}.Debug|x86.ActiveCfg = Debug|Any CPU
		{BE24A672-C6B5-4F2D-80EA-B40787AB0B70}.Debug|x86.Build.0 = Debug|Any CPU
		{BE24A672-C6B5-4F2D-80EA-B40787AB0B70}.Release|Any CPU.ActiveCfg = Release|Any CPU
		{BE24A672-C6B5-4F2D-80EA-B40787AB0B70}.Release|Any CPU.Build.0 = Release|Any CPU
		{BE24A672-C6B5-4F2D-80EA-B40787AB0B70}.Release|x64.ActiveCfg = Release|Any CPU
		{BE24A672-C6B5-4F2D-80EA-B40787AB0B70}.Release|x64.Build.0 = Release|Any CPU
		{BE24A672-C6B5-4F2D-80EA-B40787AB0B70}.Release|x86.ActiveCfg = Release|Any CPU
		{BE24A672-C6B5-4F2D-80EA-B40787AB0B70}.Release|x86.Build.0 = Release|Any CPU
		{948F75D6-981F-478F-943D-F8A9F643C203}.Debug|Any CPU.ActiveCfg = Debug|Any CPU
		{948F75D6-981F-478F-943D-F8A9F643C203}.Debug|Any CPU.Build.0 = Debug|Any CPU
		{948F75D6-981F-478F-943D-F8A9F643C203}.Debug|x64.ActiveCfg = Debug|Any CPU
		{948F75D6-981F-478F-943D-F8A9F643C203}.Debug|x64.Build.0 = Debug|Any CPU
		{948F75D6-981F-478F-943D-F8A9F643C203}.Debug|x86.ActiveCfg = Debug|Any CPU
		{948F75D6-981F-478F-943D-F8A9F643C203}.Debug|x86.Build.0 = Debug|Any CPU
		{948F75D6-981F-478F-943D-F8A9F643C203}.Release|Any CPU.ActiveCfg = Release|Any CPU
		{948F75D6-981F-478F-943D-F8A9F643C203}.Release|Any CPU.Build.0 = Release|Any CPU
		{948F75D6-981F-478F-943D-F8A9F643C203}.Release|x64.ActiveCfg = Release|Any CPU
		{948F75D6-981F-478F-943D-F8A9F643C203}.Release|x64.Build.0 = Release|Any CPU
		{948F75D6-981F-478F-943D-F8A9F643C203}.Release|x86.ActiveCfg = Release|Any CPU
		{948F75D6-981F-478F-943D-F8A9F643C203}.Release|x86.Build.0 = Release|Any CPU
		{5601BBC2-3E95-43EA-A957-65D9CC1ED48D}.Debug|Any CPU.ActiveCfg = Debug|Any CPU
		{5601BBC2-3E95-43EA-A957-65D9CC1ED48D}.Debug|Any CPU.Build.0 = Debug|Any CPU
		{5601BBC2-3E95-43EA-A957-65D9CC1ED48D}.Debug|x64.ActiveCfg = Debug|Any CPU
		{5601BBC2-3E95-43EA-A957-65D9CC1ED48D}.Debug|x64.Build.0 = Debug|Any CPU
		{5601BBC2-3E95-43EA-A957-65D9CC1ED48D}.Debug|x86.ActiveCfg = Debug|Any CPU
		{5601BBC2-3E95-43EA-A957-65D9CC1ED48D}.Debug|x86.Build.0 = Debug|Any CPU
		{5601BBC2-3E95-43EA-A957-65D9CC1ED48D}.Release|Any CPU.ActiveCfg = Release|Any CPU
		{5601BBC2-3E95-43EA-A957-65D9CC1ED48D}.Release|Any CPU.Build.0 = Release|Any CPU
		{5601BBC2-3E95-43EA-A957-65D9CC1ED48D}.Release|x64.ActiveCfg = Release|Any CPU
		{5601BBC2-3E95-43EA-A957-65D9CC1ED48D}.Release|x64.Build.0 = Release|Any CPU
		{5601BBC2-3E95-43EA-A957-65D9CC1ED48D}.Release|x86.ActiveCfg = Release|Any CPU
		{5601BBC2-3E95-43EA-A957-65D9CC1ED48D}.Release|x86.Build.0 = Release|Any CPU
		{F7278A6D-1090-4DB8-86A3-F189C4AD7848}.Debug|Any CPU.ActiveCfg = Debug|Any CPU
		{F7278A6D-1090-4DB8-86A3-F189C4AD7848}.Debug|Any CPU.Build.0 = Debug|Any CPU
		{F7278A6D-1090-4DB8-86A3-F189C4AD7848}.Debug|x64.ActiveCfg = Debug|Any CPU
		{F7278A6D-1090-4DB8-86A3-F189C4AD7848}.Debug|x64.Build.0 = Debug|Any CPU
		{F7278A6D-1090-4DB8-86A3-F189C4AD7848}.Debug|x86.ActiveCfg = Debug|Any CPU
		{F7278A6D-1090-4DB8-86A3-F189C4AD7848}.Debug|x86.Build.0 = Debug|Any CPU
		{F7278A6D-1090-4DB8-86A3-F189C4AD7848}.Release|Any CPU.ActiveCfg = Release|Any CPU
		{F7278A6D-1090-4DB8-86A3-F189C4AD7848}.Release|Any CPU.Build.0 = Release|Any CPU
		{F7278A6D-1090-4DB8-86A3-F189C4AD7848}.Release|x64.ActiveCfg = Release|Any CPU
		{F7278A6D-1090-4DB8-86A3-F189C4AD7848}.Release|x64.Build.0 = Release|Any CPU
		{F7278A6D-1090-4DB8-86A3-F189C4AD7848}.Release|x86.ActiveCfg = Release|Any CPU
		{F7278A6D-1090-4DB8-86A3-F189C4AD7848}.Release|x86.Build.0 = Release|Any CPU
		{8BA2713F-726A-460B-93C6-58763008BCBD}.Debug|Any CPU.ActiveCfg = Debug|Any CPU
		{8BA2713F-726A-460B-93C6-58763008BCBD}.Debug|Any CPU.Build.0 = Debug|Any CPU
		{8BA2713F-726A-460B-93C6-58763008BCBD}.Debug|x64.ActiveCfg = Debug|Any CPU
		{8BA2713F-726A-460B-93C6-58763008BCBD}.Debug|x64.Build.0 = Debug|Any CPU
		{8BA2713F-726A-460B-93C6-58763008BCBD}.Debug|x86.ActiveCfg = Debug|Any CPU
		{8BA2713F-726A-460B-93C6-58763008BCBD}.Debug|x86.Build.0 = Debug|Any CPU
		{8BA2713F-726A-460B-93C6-58763008BCBD}.Release|Any CPU.ActiveCfg = Release|Any CPU
		{8BA2713F-726A-460B-93C6-58763008BCBD}.Release|Any CPU.Build.0 = Release|Any CPU
		{8BA2713F-726A-460B-93C6-58763008BCBD}.Release|x64.ActiveCfg = Release|Any CPU
		{8BA2713F-726A-460B-93C6-58763008BCBD}.Release|x64.Build.0 = Release|Any CPU
		{8BA2713F-726A-460B-93C6-58763008BCBD}.Release|x86.ActiveCfg = Release|Any CPU
		{8BA2713F-726A-460B-93C6-58763008BCBD}.Release|x86.Build.0 = Release|Any CPU
		{14A1C531-DAF5-4626-A812-59D9D116E72A}.Debug|Any CPU.ActiveCfg = Debug|Any CPU
		{14A1C531-DAF5-4626-A812-59D9D116E72A}.Debug|Any CPU.Build.0 = Debug|Any CPU
		{14A1C531-DAF5-4626-A812-59D9D116E72A}.Debug|x64.ActiveCfg = Debug|Any CPU
		{14A1C531-DAF5-4626-A812-59D9D116E72A}.Debug|x64.Build.0 = Debug|Any CPU
		{14A1C531-DAF5-4626-A812-59D9D116E72A}.Debug|x86.ActiveCfg = Debug|Any CPU
		{14A1C531-DAF5-4626-A812-59D9D116E72A}.Debug|x86.Build.0 = Debug|Any CPU
		{14A1C531-DAF5-4626-A812-59D9D116E72A}.Release|Any CPU.ActiveCfg = Release|Any CPU
		{14A1C531-DAF5-4626-A812-59D9D116E72A}.Release|Any CPU.Build.0 = Release|Any CPU
		{14A1C531-DAF5-4626-A812-59D9D116E72A}.Release|x64.ActiveCfg = Release|Any CPU
		{14A1C531-DAF5-4626-A812-59D9D116E72A}.Release|x64.Build.0 = Release|Any CPU
		{14A1C531-DAF5-4626-A812-59D9D116E72A}.Release|x86.ActiveCfg = Release|Any CPU
		{14A1C531-DAF5-4626-A812-59D9D116E72A}.Release|x86.Build.0 = Release|Any CPU
		{A595A10E-EF1C-4C27-8BF1-DDE5B8AC0BB2}.Debug|Any CPU.ActiveCfg = Debug|Any CPU
		{A595A10E-EF1C-4C27-8BF1-DDE5B8AC0BB2}.Debug|Any CPU.Build.0 = Debug|Any CPU
		{A595A10E-EF1C-4C27-8BF1-DDE5B8AC0BB2}.Debug|x64.ActiveCfg = Debug|Any CPU
		{A595A10E-EF1C-4C27-8BF1-DDE5B8AC0BB2}.Debug|x64.Build.0 = Debug|Any CPU
		{A595A10E-EF1C-4C27-8BF1-DDE5B8AC0BB2}.Debug|x86.ActiveCfg = Debug|Any CPU
		{A595A10E-EF1C-4C27-8BF1-DDE5B8AC0BB2}.Debug|x86.Build.0 = Debug|Any CPU
		{A595A10E-EF1C-4C27-8BF1-DDE5B8AC0BB2}.Release|Any CPU.ActiveCfg = Release|Any CPU
		{A595A10E-EF1C-4C27-8BF1-DDE5B8AC0BB2}.Release|Any CPU.Build.0 = Release|Any CPU
		{A595A10E-EF1C-4C27-8BF1-DDE5B8AC0BB2}.Release|x64.ActiveCfg = Release|Any CPU
		{A595A10E-EF1C-4C27-8BF1-DDE5B8AC0BB2}.Release|x64.Build.0 = Release|Any CPU
		{A595A10E-EF1C-4C27-8BF1-DDE5B8AC0BB2}.Release|x86.ActiveCfg = Release|Any CPU
		{A595A10E-EF1C-4C27-8BF1-DDE5B8AC0BB2}.Release|x86.Build.0 = Release|Any CPU
		{9B8B4214-6256-4BC1-9141-52511B33A236}.Debug|Any CPU.ActiveCfg = Debug|Any CPU
		{9B8B4214-6256-4BC1-9141-52511B33A236}.Debug|Any CPU.Build.0 = Debug|Any CPU
		{9B8B4214-6256-4BC1-9141-52511B33A236}.Debug|x64.ActiveCfg = Debug|Any CPU
		{9B8B4214-6256-4BC1-9141-52511B33A236}.Debug|x64.Build.0 = Debug|Any CPU
		{9B8B4214-6256-4BC1-9141-52511B33A236}.Debug|x86.ActiveCfg = Debug|Any CPU
		{9B8B4214-6256-4BC1-9141-52511B33A236}.Debug|x86.Build.0 = Debug|Any CPU
		{9B8B4214-6256-4BC1-9141-52511B33A236}.Release|Any CPU.ActiveCfg = Release|Any CPU
		{9B8B4214-6256-4BC1-9141-52511B33A236}.Release|Any CPU.Build.0 = Release|Any CPU
		{9B8B4214-6256-4BC1-9141-52511B33A236}.Release|x64.ActiveCfg = Release|Any CPU
		{9B8B4214-6256-4BC1-9141-52511B33A236}.Release|x64.Build.0 = Release|Any CPU
		{9B8B4214-6256-4BC1-9141-52511B33A236}.Release|x86.ActiveCfg = Release|Any CPU
		{9B8B4214-6256-4BC1-9141-52511B33A236}.Release|x86.Build.0 = Release|Any CPU
		{ADFC2DA6-A8FB-42C0-A05F-4B12D68C3E00}.Debug|Any CPU.ActiveCfg = Debug|Any CPU
		{ADFC2DA6-A8FB-42C0-A05F-4B12D68C3E00}.Debug|Any CPU.Build.0 = Debug|Any CPU
		{ADFC2DA6-A8FB-42C0-A05F-4B12D68C3E00}.Debug|x64.ActiveCfg = Debug|Any CPU
		{ADFC2DA6-A8FB-42C0-A05F-4B12D68C3E00}.Debug|x64.Build.0 = Debug|Any CPU
		{ADFC2DA6-A8FB-42C0-A05F-4B12D68C3E00}.Debug|x86.ActiveCfg = Debug|Any CPU
		{ADFC2DA6-A8FB-42C0-A05F-4B12D68C3E00}.Debug|x86.Build.0 = Debug|Any CPU
		{ADFC2DA6-A8FB-42C0-A05F-4B12D68C3E00}.Release|Any CPU.ActiveCfg = Release|Any CPU
		{ADFC2DA6-A8FB-42C0-A05F-4B12D68C3E00}.Release|Any CPU.Build.0 = Release|Any CPU
		{ADFC2DA6-A8FB-42C0-A05F-4B12D68C3E00}.Release|x64.ActiveCfg = Release|Any CPU
		{ADFC2DA6-A8FB-42C0-A05F-4B12D68C3E00}.Release|x64.Build.0 = Release|Any CPU
		{ADFC2DA6-A8FB-42C0-A05F-4B12D68C3E00}.Release|x86.ActiveCfg = Release|Any CPU
		{ADFC2DA6-A8FB-42C0-A05F-4B12D68C3E00}.Release|x86.Build.0 = Release|Any CPU
		{E929BE84-9BCF-4593-8971-24B4563753DA}.Debug|Any CPU.ActiveCfg = Debug|Any CPU
		{E929BE84-9BCF-4593-8971-24B4563753DA}.Debug|Any CPU.Build.0 = Debug|Any CPU
		{E929BE84-9BCF-4593-8971-24B4563753DA}.Debug|x64.ActiveCfg = Debug|Any CPU
		{E929BE84-9BCF-4593-8971-24B4563753DA}.Debug|x64.Build.0 = Debug|Any CPU
		{E929BE84-9BCF-4593-8971-24B4563753DA}.Debug|x86.ActiveCfg = Debug|Any CPU
		{E929BE84-9BCF-4593-8971-24B4563753DA}.Debug|x86.Build.0 = Debug|Any CPU
		{E929BE84-9BCF-4593-8971-24B4563753DA}.Release|Any CPU.ActiveCfg = Release|Any CPU
		{E929BE84-9BCF-4593-8971-24B4563753DA}.Release|Any CPU.Build.0 = Release|Any CPU
		{E929BE84-9BCF-4593-8971-24B4563753DA}.Release|x64.ActiveCfg = Release|Any CPU
		{E929BE84-9BCF-4593-8971-24B4563753DA}.Release|x64.Build.0 = Release|Any CPU
		{E929BE84-9BCF-4593-8971-24B4563753DA}.Release|x86.ActiveCfg = Release|Any CPU
		{E929BE84-9BCF-4593-8971-24B4563753DA}.Release|x86.Build.0 = Release|Any CPU
		{00378B94-45FF-494D-A4D9-A75B46512AB6}.Debug|Any CPU.ActiveCfg = Debug|Any CPU
		{00378B94-45FF-494D-A4D9-A75B46512AB6}.Debug|Any CPU.Build.0 = Debug|Any CPU
		{00378B94-45FF-494D-A4D9-A75B46512AB6}.Debug|x64.ActiveCfg = Debug|Any CPU
		{00378B94-45FF-494D-A4D9-A75B46512AB6}.Debug|x64.Build.0 = Debug|Any CPU
		{00378B94-45FF-494D-A4D9-A75B46512AB6}.Debug|x86.ActiveCfg = Debug|Any CPU
		{00378B94-45FF-494D-A4D9-A75B46512AB6}.Debug|x86.Build.0 = Debug|Any CPU
		{00378B94-45FF-494D-A4D9-A75B46512AB6}.Release|Any CPU.ActiveCfg = Release|Any CPU
		{00378B94-45FF-494D-A4D9-A75B46512AB6}.Release|Any CPU.Build.0 = Release|Any CPU
		{00378B94-45FF-494D-A4D9-A75B46512AB6}.Release|x64.ActiveCfg = Release|Any CPU
		{00378B94-45FF-494D-A4D9-A75B46512AB6}.Release|x64.Build.0 = Release|Any CPU
		{00378B94-45FF-494D-A4D9-A75B46512AB6}.Release|x86.ActiveCfg = Release|Any CPU
		{00378B94-45FF-494D-A4D9-A75B46512AB6}.Release|x86.Build.0 = Release|Any CPU
		{093A9404-E2D3-4EDE-9FA3-47072BF51B42}.Debug|Any CPU.ActiveCfg = Debug|Any CPU
		{093A9404-E2D3-4EDE-9FA3-47072BF51B42}.Debug|Any CPU.Build.0 = Debug|Any CPU
		{093A9404-E2D3-4EDE-9FA3-47072BF51B42}.Debug|x64.ActiveCfg = Debug|Any CPU
		{093A9404-E2D3-4EDE-9FA3-47072BF51B42}.Debug|x64.Build.0 = Debug|Any CPU
		{093A9404-E2D3-4EDE-9FA3-47072BF51B42}.Debug|x86.ActiveCfg = Debug|Any CPU
		{093A9404-E2D3-4EDE-9FA3-47072BF51B42}.Debug|x86.Build.0 = Debug|Any CPU
		{093A9404-E2D3-4EDE-9FA3-47072BF51B42}.Release|Any CPU.ActiveCfg = Release|Any CPU
		{093A9404-E2D3-4EDE-9FA3-47072BF51B42}.Release|Any CPU.Build.0 = Release|Any CPU
		{093A9404-E2D3-4EDE-9FA3-47072BF51B42}.Release|x64.ActiveCfg = Release|Any CPU
		{093A9404-E2D3-4EDE-9FA3-47072BF51B42}.Release|x64.Build.0 = Release|Any CPU
		{093A9404-E2D3-4EDE-9FA3-47072BF51B42}.Release|x86.ActiveCfg = Release|Any CPU
		{093A9404-E2D3-4EDE-9FA3-47072BF51B42}.Release|x86.Build.0 = Release|Any CPU
		{31F544BD-4F70-4EA0-B49E-E73B5CACF106}.Debug|Any CPU.ActiveCfg = Debug|Any CPU
		{31F544BD-4F70-4EA0-B49E-E73B5CACF106}.Debug|Any CPU.Build.0 = Debug|Any CPU
		{31F544BD-4F70-4EA0-B49E-E73B5CACF106}.Debug|x64.ActiveCfg = Debug|Any CPU
		{31F544BD-4F70-4EA0-B49E-E73B5CACF106}.Debug|x64.Build.0 = Debug|Any CPU
		{31F544BD-4F70-4EA0-B49E-E73B5CACF106}.Debug|x86.ActiveCfg = Debug|Any CPU
		{31F544BD-4F70-4EA0-B49E-E73B5CACF106}.Debug|x86.Build.0 = Debug|Any CPU
		{31F544BD-4F70-4EA0-B49E-E73B5CACF106}.Release|Any CPU.ActiveCfg = Release|Any CPU
		{31F544BD-4F70-4EA0-B49E-E73B5CACF106}.Release|Any CPU.Build.0 = Release|Any CPU
		{31F544BD-4F70-4EA0-B49E-E73B5CACF106}.Release|x64.ActiveCfg = Release|Any CPU
		{31F544BD-4F70-4EA0-B49E-E73B5CACF106}.Release|x64.Build.0 = Release|Any CPU
		{31F544BD-4F70-4EA0-B49E-E73B5CACF106}.Release|x86.ActiveCfg = Release|Any CPU
		{31F544BD-4F70-4EA0-B49E-E73B5CACF106}.Release|x86.Build.0 = Release|Any CPU
		{50427BF1-AC5E-4F32-A060-546639B9676D}.Debug|Any CPU.ActiveCfg = Debug|Any CPU
		{50427BF1-AC5E-4F32-A060-546639B9676D}.Debug|Any CPU.Build.0 = Debug|Any CPU
		{50427BF1-AC5E-4F32-A060-546639B9676D}.Debug|x64.ActiveCfg = Debug|Any CPU
		{50427BF1-AC5E-4F32-A060-546639B9676D}.Debug|x64.Build.0 = Debug|Any CPU
		{50427BF1-AC5E-4F32-A060-546639B9676D}.Debug|x86.ActiveCfg = Debug|Any CPU
		{50427BF1-AC5E-4F32-A060-546639B9676D}.Debug|x86.Build.0 = Debug|Any CPU
		{50427BF1-AC5E-4F32-A060-546639B9676D}.Release|Any CPU.ActiveCfg = Release|Any CPU
		{50427BF1-AC5E-4F32-A060-546639B9676D}.Release|Any CPU.Build.0 = Release|Any CPU
		{50427BF1-AC5E-4F32-A060-546639B9676D}.Release|x64.ActiveCfg = Release|Any CPU
		{50427BF1-AC5E-4F32-A060-546639B9676D}.Release|x64.Build.0 = Release|Any CPU
		{50427BF1-AC5E-4F32-A060-546639B9676D}.Release|x86.ActiveCfg = Release|Any CPU
		{50427BF1-AC5E-4F32-A060-546639B9676D}.Release|x86.Build.0 = Release|Any CPU
		{29F6552E-C386-496F-ACEB-90013EA3342D}.Debug|Any CPU.ActiveCfg = Debug|Any CPU
		{29F6552E-C386-496F-ACEB-90013EA3342D}.Debug|Any CPU.Build.0 = Debug|Any CPU
		{29F6552E-C386-496F-ACEB-90013EA3342D}.Debug|x64.ActiveCfg = Debug|Any CPU
		{29F6552E-C386-496F-ACEB-90013EA3342D}.Debug|x64.Build.0 = Debug|Any CPU
		{29F6552E-C386-496F-ACEB-90013EA3342D}.Debug|x86.ActiveCfg = Debug|Any CPU
		{29F6552E-C386-496F-ACEB-90013EA3342D}.Debug|x86.Build.0 = Debug|Any CPU
		{29F6552E-C386-496F-ACEB-90013EA3342D}.Release|Any CPU.ActiveCfg = Release|Any CPU
		{29F6552E-C386-496F-ACEB-90013EA3342D}.Release|Any CPU.Build.0 = Release|Any CPU
		{29F6552E-C386-496F-ACEB-90013EA3342D}.Release|x64.ActiveCfg = Release|Any CPU
		{29F6552E-C386-496F-ACEB-90013EA3342D}.Release|x64.Build.0 = Release|Any CPU
		{29F6552E-C386-496F-ACEB-90013EA3342D}.Release|x86.ActiveCfg = Release|Any CPU
		{29F6552E-C386-496F-ACEB-90013EA3342D}.Release|x86.Build.0 = Release|Any CPU
		{CC2845AF-0FDA-4E9E-8E8F-57BA00E8C911}.Debug|Any CPU.ActiveCfg = Debug|Any CPU
		{CC2845AF-0FDA-4E9E-8E8F-57BA00E8C911}.Debug|Any CPU.Build.0 = Debug|Any CPU
		{CC2845AF-0FDA-4E9E-8E8F-57BA00E8C911}.Debug|x64.ActiveCfg = Debug|Any CPU
		{CC2845AF-0FDA-4E9E-8E8F-57BA00E8C911}.Debug|x64.Build.0 = Debug|Any CPU
		{CC2845AF-0FDA-4E9E-8E8F-57BA00E8C911}.Debug|x86.ActiveCfg = Debug|Any CPU
		{CC2845AF-0FDA-4E9E-8E8F-57BA00E8C911}.Debug|x86.Build.0 = Debug|Any CPU
		{CC2845AF-0FDA-4E9E-8E8F-57BA00E8C911}.Release|Any CPU.ActiveCfg = Release|Any CPU
		{CC2845AF-0FDA-4E9E-8E8F-57BA00E8C911}.Release|Any CPU.Build.0 = Release|Any CPU
		{CC2845AF-0FDA-4E9E-8E8F-57BA00E8C911}.Release|x64.ActiveCfg = Release|Any CPU
		{CC2845AF-0FDA-4E9E-8E8F-57BA00E8C911}.Release|x64.Build.0 = Release|Any CPU
		{CC2845AF-0FDA-4E9E-8E8F-57BA00E8C911}.Release|x86.ActiveCfg = Release|Any CPU
		{CC2845AF-0FDA-4E9E-8E8F-57BA00E8C911}.Release|x86.Build.0 = Release|Any CPU
		{B3EF7DE0-8CC1-4B6A-909F-EFFB920BAA91}.Debug|Any CPU.ActiveCfg = Debug|Any CPU
		{B3EF7DE0-8CC1-4B6A-909F-EFFB920BAA91}.Debug|Any CPU.Build.0 = Debug|Any CPU
		{B3EF7DE0-8CC1-4B6A-909F-EFFB920BAA91}.Debug|x64.ActiveCfg = Debug|Any CPU
		{B3EF7DE0-8CC1-4B6A-909F-EFFB920BAA91}.Debug|x64.Build.0 = Debug|Any CPU
		{B3EF7DE0-8CC1-4B6A-909F-EFFB920BAA91}.Debug|x86.ActiveCfg = Debug|Any CPU
		{B3EF7DE0-8CC1-4B6A-909F-EFFB920BAA91}.Debug|x86.Build.0 = Debug|Any CPU
		{B3EF7DE0-8CC1-4B6A-909F-EFFB920BAA91}.Release|Any CPU.ActiveCfg = Release|Any CPU
		{B3EF7DE0-8CC1-4B6A-909F-EFFB920BAA91}.Release|Any CPU.Build.0 = Release|Any CPU
		{B3EF7DE0-8CC1-4B6A-909F-EFFB920BAA91}.Release|x64.ActiveCfg = Release|Any CPU
		{B3EF7DE0-8CC1-4B6A-909F-EFFB920BAA91}.Release|x64.Build.0 = Release|Any CPU
		{B3EF7DE0-8CC1-4B6A-909F-EFFB920BAA91}.Release|x86.ActiveCfg = Release|Any CPU
		{B3EF7DE0-8CC1-4B6A-909F-EFFB920BAA91}.Release|x86.Build.0 = Release|Any CPU
		{40D58C18-E1E2-438C-A09D-80EBA1674A8B}.Debug|Any CPU.ActiveCfg = Debug|Any CPU
		{40D58C18-E1E2-438C-A09D-80EBA1674A8B}.Debug|Any CPU.Build.0 = Debug|Any CPU
		{40D58C18-E1E2-438C-A09D-80EBA1674A8B}.Debug|x64.ActiveCfg = Debug|Any CPU
		{40D58C18-E1E2-438C-A09D-80EBA1674A8B}.Debug|x64.Build.0 = Debug|Any CPU
		{40D58C18-E1E2-438C-A09D-80EBA1674A8B}.Debug|x86.ActiveCfg = Debug|Any CPU
		{40D58C18-E1E2-438C-A09D-80EBA1674A8B}.Debug|x86.Build.0 = Debug|Any CPU
		{40D58C18-E1E2-438C-A09D-80EBA1674A8B}.Release|Any CPU.ActiveCfg = Release|Any CPU
		{40D58C18-E1E2-438C-A09D-80EBA1674A8B}.Release|Any CPU.Build.0 = Release|Any CPU
		{40D58C18-E1E2-438C-A09D-80EBA1674A8B}.Release|x64.ActiveCfg = Release|Any CPU
		{40D58C18-E1E2-438C-A09D-80EBA1674A8B}.Release|x64.Build.0 = Release|Any CPU
		{40D58C18-E1E2-438C-A09D-80EBA1674A8B}.Release|x86.ActiveCfg = Release|Any CPU
		{40D58C18-E1E2-438C-A09D-80EBA1674A8B}.Release|x86.Build.0 = Release|Any CPU
		{7520B150-ABBE-454D-84A2-30B13A425B66}.Debug|Any CPU.ActiveCfg = Debug|Any CPU
		{7520B150-ABBE-454D-84A2-30B13A425B66}.Debug|Any CPU.Build.0 = Debug|Any CPU
		{7520B150-ABBE-454D-84A2-30B13A425B66}.Debug|x64.ActiveCfg = Debug|Any CPU
		{7520B150-ABBE-454D-84A2-30B13A425B66}.Debug|x64.Build.0 = Debug|Any CPU
		{7520B150-ABBE-454D-84A2-30B13A425B66}.Debug|x86.ActiveCfg = Debug|Any CPU
		{7520B150-ABBE-454D-84A2-30B13A425B66}.Debug|x86.Build.0 = Debug|Any CPU
		{7520B150-ABBE-454D-84A2-30B13A425B66}.Release|Any CPU.ActiveCfg = Release|Any CPU
		{7520B150-ABBE-454D-84A2-30B13A425B66}.Release|Any CPU.Build.0 = Release|Any CPU
		{7520B150-ABBE-454D-84A2-30B13A425B66}.Release|x64.ActiveCfg = Release|Any CPU
		{7520B150-ABBE-454D-84A2-30B13A425B66}.Release|x64.Build.0 = Release|Any CPU
		{7520B150-ABBE-454D-84A2-30B13A425B66}.Release|x86.ActiveCfg = Release|Any CPU
		{7520B150-ABBE-454D-84A2-30B13A425B66}.Release|x86.Build.0 = Release|Any CPU
		{1B6BBAA2-286E-41A0-AD9A-7833DDF85229}.Debug|Any CPU.ActiveCfg = Debug|Any CPU
		{1B6BBAA2-286E-41A0-AD9A-7833DDF85229}.Debug|Any CPU.Build.0 = Debug|Any CPU
		{1B6BBAA2-286E-41A0-AD9A-7833DDF85229}.Debug|x64.ActiveCfg = Debug|Any CPU
		{1B6BBAA2-286E-41A0-AD9A-7833DDF85229}.Debug|x64.Build.0 = Debug|Any CPU
		{1B6BBAA2-286E-41A0-AD9A-7833DDF85229}.Debug|x86.ActiveCfg = Debug|Any CPU
		{1B6BBAA2-286E-41A0-AD9A-7833DDF85229}.Debug|x86.Build.0 = Debug|Any CPU
		{1B6BBAA2-286E-41A0-AD9A-7833DDF85229}.Release|Any CPU.ActiveCfg = Release|Any CPU
		{1B6BBAA2-286E-41A0-AD9A-7833DDF85229}.Release|Any CPU.Build.0 = Release|Any CPU
		{1B6BBAA2-286E-41A0-AD9A-7833DDF85229}.Release|x64.ActiveCfg = Release|Any CPU
		{1B6BBAA2-286E-41A0-AD9A-7833DDF85229}.Release|x64.Build.0 = Release|Any CPU
		{1B6BBAA2-286E-41A0-AD9A-7833DDF85229}.Release|x86.ActiveCfg = Release|Any CPU
		{1B6BBAA2-286E-41A0-AD9A-7833DDF85229}.Release|x86.Build.0 = Release|Any CPU
		{632AF1C3-BA3B-4233-8111-B9CB2F9607C2}.Debug|Any CPU.ActiveCfg = Debug|Any CPU
		{632AF1C3-BA3B-4233-8111-B9CB2F9607C2}.Debug|Any CPU.Build.0 = Debug|Any CPU
		{632AF1C3-BA3B-4233-8111-B9CB2F9607C2}.Debug|x64.ActiveCfg = Debug|Any CPU
		{632AF1C3-BA3B-4233-8111-B9CB2F9607C2}.Debug|x64.Build.0 = Debug|Any CPU
		{632AF1C3-BA3B-4233-8111-B9CB2F9607C2}.Debug|x86.ActiveCfg = Debug|Any CPU
		{632AF1C3-BA3B-4233-8111-B9CB2F9607C2}.Debug|x86.Build.0 = Debug|Any CPU
		{632AF1C3-BA3B-4233-8111-B9CB2F9607C2}.Release|Any CPU.ActiveCfg = Release|Any CPU
		{632AF1C3-BA3B-4233-8111-B9CB2F9607C2}.Release|Any CPU.Build.0 = Release|Any CPU
		{632AF1C3-BA3B-4233-8111-B9CB2F9607C2}.Release|x64.ActiveCfg = Release|Any CPU
		{632AF1C3-BA3B-4233-8111-B9CB2F9607C2}.Release|x64.Build.0 = Release|Any CPU
		{632AF1C3-BA3B-4233-8111-B9CB2F9607C2}.Release|x86.ActiveCfg = Release|Any CPU
		{632AF1C3-BA3B-4233-8111-B9CB2F9607C2}.Release|x86.Build.0 = Release|Any CPU
		{21927CCB-9420-43EB-ADE1-90972D51DA83}.Debug|Any CPU.ActiveCfg = Debug|Any CPU
		{21927CCB-9420-43EB-ADE1-90972D51DA83}.Debug|Any CPU.Build.0 = Debug|Any CPU
		{21927CCB-9420-43EB-ADE1-90972D51DA83}.Debug|x64.ActiveCfg = Debug|Any CPU
		{21927CCB-9420-43EB-ADE1-90972D51DA83}.Debug|x64.Build.0 = Debug|Any CPU
		{21927CCB-9420-43EB-ADE1-90972D51DA83}.Debug|x86.ActiveCfg = Debug|Any CPU
		{21927CCB-9420-43EB-ADE1-90972D51DA83}.Debug|x86.Build.0 = Debug|Any CPU
		{21927CCB-9420-43EB-ADE1-90972D51DA83}.Release|Any CPU.ActiveCfg = Release|Any CPU
		{21927CCB-9420-43EB-ADE1-90972D51DA83}.Release|Any CPU.Build.0 = Release|Any CPU
		{21927CCB-9420-43EB-ADE1-90972D51DA83}.Release|x64.ActiveCfg = Release|Any CPU
		{21927CCB-9420-43EB-ADE1-90972D51DA83}.Release|x64.Build.0 = Release|Any CPU
		{21927CCB-9420-43EB-ADE1-90972D51DA83}.Release|x86.ActiveCfg = Release|Any CPU
		{21927CCB-9420-43EB-ADE1-90972D51DA83}.Release|x86.Build.0 = Release|Any CPU
		{E5035C50-9150-4973-848E-1B72BD9DF411}.Debug|Any CPU.ActiveCfg = Debug|Any CPU
		{E5035C50-9150-4973-848E-1B72BD9DF411}.Debug|Any CPU.Build.0 = Debug|Any CPU
		{E5035C50-9150-4973-848E-1B72BD9DF411}.Debug|x64.ActiveCfg = Debug|Any CPU
		{E5035C50-9150-4973-848E-1B72BD9DF411}.Debug|x64.Build.0 = Debug|Any CPU
		{E5035C50-9150-4973-848E-1B72BD9DF411}.Debug|x86.ActiveCfg = Debug|Any CPU
		{E5035C50-9150-4973-848E-1B72BD9DF411}.Debug|x86.Build.0 = Debug|Any CPU
		{E5035C50-9150-4973-848E-1B72BD9DF411}.Release|Any CPU.ActiveCfg = Release|Any CPU
		{E5035C50-9150-4973-848E-1B72BD9DF411}.Release|Any CPU.Build.0 = Release|Any CPU
		{E5035C50-9150-4973-848E-1B72BD9DF411}.Release|x64.ActiveCfg = Release|Any CPU
		{E5035C50-9150-4973-848E-1B72BD9DF411}.Release|x64.Build.0 = Release|Any CPU
		{E5035C50-9150-4973-848E-1B72BD9DF411}.Release|x86.ActiveCfg = Release|Any CPU
		{E5035C50-9150-4973-848E-1B72BD9DF411}.Release|x86.Build.0 = Release|Any CPU
	EndGlobalSection
	GlobalSection(SolutionProperties) = preSolution
		HideSolutionNode = FALSE
	EndGlobalSection
	GlobalSection(ExtensibilityGlobals) = postSolution
		SolutionGuid = {F8A1A12D-9884-4DE6-B7C0-27E3F5F0666D}
	EndGlobalSection
EndGlobal
