
Microsoft Visual Studio Solution File, Format Version 12.00
# Visual Studio 15
VisualStudioVersion = 15.0.26124.0
MinimumVisualStudioVersion = 15.0.26124.0
Project("{FAE04EC0-301F-11D3-BF4B-00C04F79EFBC}") = "R5T.Gepidia.Remote.Construction", "R5T.Gepidia.Remote.Construction\R5T.Gepidia.Remote.Construction.csproj", "{33D0D0F6-15E1-4B73-918D-530446544336}"
EndProject
Project("{FAE04EC0-301F-11D3-BF4B-00C04F79EFBC}") = "R5T.Gepidia.Remote", "R5T.Gepidia.Remote\R5T.Gepidia.Remote.csproj", "{7242E3B8-7959-4130-AF8F-0DB680E5FBFF}"
EndProject
Project("{FAE04EC0-301F-11D3-BF4B-00C04F79EFBC}") = "R5T.Gepidia.Remote.Testing", "R5T.Gepidia.Remote.Testing\R5T.Gepidia.Remote.Testing.csproj", "{1E125711-6E11-4878-B044-B130E628BB80}"
EndProject
Global
	GlobalSection(SolutionConfigurationPlatforms) = preSolution
		Debug|Any CPU = Debug|Any CPU
		Debug|x64 = Debug|x64
		Debug|x86 = Debug|x86
		Release|Any CPU = Release|Any CPU
		Release|x64 = Release|x64
		Release|x86 = Release|x86
	EndGlobalSection
	GlobalSection(SolutionProperties) = preSolution
		HideSolutionNode = FALSE
	EndGlobalSection
	GlobalSection(ProjectConfigurationPlatforms) = postSolution
		{33D0D0F6-15E1-4B73-918D-530446544336}.Debug|Any CPU.ActiveCfg = Debug|Any CPU
		{33D0D0F6-15E1-4B73-918D-530446544336}.Debug|Any CPU.Build.0 = Debug|Any CPU
		{33D0D0F6-15E1-4B73-918D-530446544336}.Debug|x64.ActiveCfg = Debug|Any CPU
		{33D0D0F6-15E1-4B73-918D-530446544336}.Debug|x64.Build.0 = Debug|Any CPU
		{33D0D0F6-15E1-4B73-918D-530446544336}.Debug|x86.ActiveCfg = Debug|Any CPU
		{33D0D0F6-15E1-4B73-918D-530446544336}.Debug|x86.Build.0 = Debug|Any CPU
		{33D0D0F6-15E1-4B73-918D-530446544336}.Release|Any CPU.ActiveCfg = Release|Any CPU
		{33D0D0F6-15E1-4B73-918D-530446544336}.Release|Any CPU.Build.0 = Release|Any CPU
		{33D0D0F6-15E1-4B73-918D-530446544336}.Release|x64.ActiveCfg = Release|Any CPU
		{33D0D0F6-15E1-4B73-918D-530446544336}.Release|x64.Build.0 = Release|Any CPU
		{33D0D0F6-15E1-4B73-918D-530446544336}.Release|x86.ActiveCfg = Release|Any CPU
		{33D0D0F6-15E1-4B73-918D-530446544336}.Release|x86.Build.0 = Release|Any CPU
		{7242E3B8-7959-4130-AF8F-0DB680E5FBFF}.Debug|Any CPU.ActiveCfg = Debug|Any CPU
		{7242E3B8-7959-4130-AF8F-0DB680E5FBFF}.Debug|Any CPU.Build.0 = Debug|Any CPU
		{7242E3B8-7959-4130-AF8F-0DB680E5FBFF}.Debug|x64.ActiveCfg = Debug|Any CPU
		{7242E3B8-7959-4130-AF8F-0DB680E5FBFF}.Debug|x64.Build.0 = Debug|Any CPU
		{7242E3B8-7959-4130-AF8F-0DB680E5FBFF}.Debug|x86.ActiveCfg = Debug|Any CPU
		{7242E3B8-7959-4130-AF8F-0DB680E5FBFF}.Debug|x86.Build.0 = Debug|Any CPU
		{7242E3B8-7959-4130-AF8F-0DB680E5FBFF}.Release|Any CPU.ActiveCfg = Release|Any CPU
		{7242E3B8-7959-4130-AF8F-0DB680E5FBFF}.Release|Any CPU.Build.0 = Release|Any CPU
		{7242E3B8-7959-4130-AF8F-0DB680E5FBFF}.Release|x64.ActiveCfg = Release|Any CPU
		{7242E3B8-7959-4130-AF8F-0DB680E5FBFF}.Release|x64.Build.0 = Release|Any CPU
		{7242E3B8-7959-4130-AF8F-0DB680E5FBFF}.Release|x86.ActiveCfg = Release|Any CPU
		{7242E3B8-7959-4130-AF8F-0DB680E5FBFF}.Release|x86.Build.0 = Release|Any CPU
		{1E125711-6E11-4878-B044-B130E628BB80}.Debug|Any CPU.ActiveCfg = Debug|Any CPU
		{1E125711-6E11-4878-B044-B130E628BB80}.Debug|Any CPU.Build.0 = Debug|Any CPU
		{1E125711-6E11-4878-B044-B130E628BB80}.Debug|x64.ActiveCfg = Debug|Any CPU
		{1E125711-6E11-4878-B044-B130E628BB80}.Debug|x64.Build.0 = Debug|Any CPU
		{1E125711-6E11-4878-B044-B130E628BB80}.Debug|x86.ActiveCfg = Debug|Any CPU
		{1E125711-6E11-4878-B044-B130E628BB80}.Debug|x86.Build.0 = Debug|Any CPU
		{1E125711-6E11-4878-B044-B130E628BB80}.Release|Any CPU.ActiveCfg = Release|Any CPU
		{1E125711-6E11-4878-B044-B130E628BB80}.Release|Any CPU.Build.0 = Release|Any CPU
		{1E125711-6E11-4878-B044-B130E628BB80}.Release|x64.ActiveCfg = Release|Any CPU
		{1E125711-6E11-4878-B044-B130E628BB80}.Release|x64.Build.0 = Release|Any CPU
		{1E125711-6E11-4878-B044-B130E628BB80}.Release|x86.ActiveCfg = Release|Any CPU
		{1E125711-6E11-4878-B044-B130E628BB80}.Release|x86.Build.0 = Release|Any CPU
	EndGlobalSection
EndGlobal
